// !$*UTF8*$!
{
	archiveVersion = 1;
	classes = {
	};
	objectVersion = 46;
	objects = {

/* Begin PBXBuildFile section */
		0C006B101CEEE6F80014B0F2 /* YWGoodsViewController.m in Sources */ = {isa = PBXBuildFile; fileRef = 0C006B0F1CEEE6F80014B0F2 /* YWGoodsViewController.m */; };
		0C006B171CEEF69F0014B0F2 /* YWBuyViewController.m in Sources */ = {isa = PBXBuildFile; fileRef = 0C006B151CEEF69F0014B0F2 /* YWBuyViewController.m */; };
		0C130B441CE1E3B800ABCEF8 /* YWAddressEditController.m in Sources */ = {isa = PBXBuildFile; fileRef = 0C130B431CE1E3B800ABCEF8 /* YWAddressEditController.m */; };
		0C1A54431CCF62C700216B7F /* YWmainViewController.m in Sources */ = {isa = PBXBuildFile; fileRef = 0C1A54421CCF62C700216B7F /* YWmainViewController.m */; };
		0C1A54491CCF66DF00216B7F /* YWshoppingController.m in Sources */ = {isa = PBXBuildFile; fileRef = 0C1A54481CCF66DF00216B7F /* YWshoppingController.m */; };
		0C1A54561CCF6B3E00216B7F /* YWpersonalViewController.m in Sources */ = {isa = PBXBuildFile; fileRef = 0C1A54541CCF6B3E00216B7F /* YWpersonalViewController.m */; };
		0C21C88D1CD2F88B00561938 /* UIImage+YWimage.m in Sources */ = {isa = PBXBuildFile; fileRef = 0C21C88C1CD2F88B00561938 /* UIImage+YWimage.m */; };
		0C21C8991CD3074000561938 /* YWLeftViewController.m in Sources */ = {isa = PBXBuildFile; fileRef = 0C21C8981CD3074000561938 /* YWLeftViewController.m */; };
		0C21C89C1CD32B0400561938 /* UIView+YWViewController.m in Sources */ = {isa = PBXBuildFile; fileRef = 0C21C89B1CD32B0400561938 /* UIView+YWViewController.m */; };
		0C22543E1CD086D5006E4461 /* YWItemView.m in Sources */ = {isa = PBXBuildFile; fileRef = 0C22543D1CD086D5006E4461 /* YWItemView.m */; };
		0C25DC951CEEB0B70048B1D6 /* YWgoodsCell.m in Sources */ = {isa = PBXBuildFile; fileRef = 0C25DC931CEEB0B70048B1D6 /* YWgoodsCell.m */; };
		0C25DC961CEEB0B70048B1D6 /* YWgoodsCell.xib in Resources */ = {isa = PBXBuildFile; fileRef = 0C25DC941CEEB0B70048B1D6 /* YWgoodsCell.xib */; };
		0C25DC991CEEB4660048B1D6 /* YWSorts.m in Sources */ = {isa = PBXBuildFile; fileRef = 0C25DC981CEEB4660048B1D6 /* YWSorts.m */; };
		0C27EC5C1CE182AB003BBF23 /* YWAddressController.m in Sources */ = {isa = PBXBuildFile; fileRef = 0C27EC5B1CE182AB003BBF23 /* YWAddressController.m */; };
		0C27EC5F1CE182E0003BBF23 /* YWAddressModel.m in Sources */ = {isa = PBXBuildFile; fileRef = 0C27EC5E1CE182E0003BBF23 /* YWAddressModel.m */; };
		0C27EC631CE1831A003BBF23 /* YWAderssCell.m in Sources */ = {isa = PBXBuildFile; fileRef = 0C27EC611CE1831A003BBF23 /* YWAderssCell.m */; };
		0C27EC671CE1AABE003BBF23 /* YWAddressFrame.m in Sources */ = {isa = PBXBuildFile; fileRef = 0C27EC661CE1AABE003BBF23 /* YWAddressFrame.m */; };
		0C33868A1CE464B9005FBA32 /* YWOrderViewController.m in Sources */ = {isa = PBXBuildFile; fileRef = 0C3386891CE464B9005FBA32 /* YWOrderViewController.m */; };
		0C33868D1CE46650005FBA32 /* YWOrderModel.m in Sources */ = {isa = PBXBuildFile; fileRef = 0C33868C1CE46650005FBA32 /* YWOrderModel.m */; };
		0C3386901CE469D4005FBA32 /* YWGoods.m in Sources */ = {isa = PBXBuildFile; fileRef = 0C33868F1CE469D4005FBA32 /* YWGoods.m */; };
		0C3386931CE475AB005FBA32 /* YWOrderCell.m in Sources */ = {isa = PBXBuildFile; fileRef = 0C3386921CE475AB005FBA32 /* YWOrderCell.m */; };
		0C388A2F1D0541F700DB6927 /* TabHomeRightTableCell.m in Sources */ = {isa = PBXBuildFile; fileRef = 0C388A2B1D0541F700DB6927 /* TabHomeRightTableCell.m */; };
		0C388A301D0541F700DB6927 /* YWClassViewController.m in Sources */ = {isa = PBXBuildFile; fileRef = 0C388A2E1D0541F700DB6927 /* YWClassViewController.m */; };
		0C388A341D05423E00DB6927 /* YWViewController.m in Sources */ = {isa = PBXBuildFile; fileRef = 0C388A331D05423E00DB6927 /* YWViewController.m */; };
		0C5EB4F41CEB110100870E06 /* YWModel4.m in Sources */ = {isa = PBXBuildFile; fileRef = 0C5EB4F31CEB110100870E06 /* YWModel4.m */; };
		0C5EB4F81CEB15C600870E06 /* YWCell5.m in Sources */ = {isa = PBXBuildFile; fileRef = 0C5EB4F61CEB15C600870E06 /* YWCell5.m */; };
		0C5EB4F91CEB15C600870E06 /* YWCell5.xib in Resources */ = {isa = PBXBuildFile; fileRef = 0C5EB4F71CEB15C600870E06 /* YWCell5.xib */; };
		0C5EB4FC1CEB15F200870E06 /* YWModel5.m in Sources */ = {isa = PBXBuildFile; fileRef = 0C5EB4FB1CEB15F200870E06 /* YWModel5.m */; };
		0C5EB90A1CD0A59E00E4431A /* YWSearchBar.m in Sources */ = {isa = PBXBuildFile; fileRef = 0C5EB9091CD0A59E00E4431A /* YWSearchBar.m */; };
		0C5EEB1F1CE30BF400F585C3 /* RegisterController.m in Sources */ = {isa = PBXBuildFile; fileRef = 0C5EEB1C1CE30BF400F585C3 /* RegisterController.m */; };
		0C5EEB201CE30BF400F585C3 /* RegisterController.xib in Resources */ = {isa = PBXBuildFile; fileRef = 0C5EEB1D1CE30BF400F585C3 /* RegisterController.xib */; };
		0C673BEF1CDB2C290088CA78 /* YWSettingTableController.m in Sources */ = {isa = PBXBuildFile; fileRef = 0C673BEE1CDB2C290088CA78 /* YWSettingTableController.m */; };
		0C673BF31CDB344F0088CA78 /* YWInformationController.m in Sources */ = {isa = PBXBuildFile; fileRef = 0C673BF21CDB344F0088CA78 /* YWInformationController.m */; };
		0C673BF71CDB46A50088CA78 /* YWLoginViewController.m in Sources */ = {isa = PBXBuildFile; fileRef = 0C673BF61CDB46A50088CA78 /* YWLoginViewController.m */; };
		0C673BFB1CDB49680088CA78 /* Utils.m in Sources */ = {isa = PBXBuildFile; fileRef = 0C673BFA1CDB49680088CA78 /* Utils.m */; };
		0C679C891CEC07F1004F8FF7 /* YWCell6.m in Sources */ = {isa = PBXBuildFile; fileRef = 0C679C871CEC07F1004F8FF7 /* YWCell6.m */; };
		0C679C8A1CEC07F1004F8FF7 /* YWCell6.xib in Resources */ = {isa = PBXBuildFile; fileRef = 0C679C881CEC07F1004F8FF7 /* YWCell6.xib */; };
		0C679C8E1CEC08BC004F8FF7 /* YWCell7.m in Sources */ = {isa = PBXBuildFile; fileRef = 0C679C8C1CEC08BC004F8FF7 /* YWCell7.m */; };
		0C679C8F1CEC08BC004F8FF7 /* YWCell7.xib in Resources */ = {isa = PBXBuildFile; fileRef = 0C679C8D1CEC08BC004F8FF7 /* YWCell7.xib */; };
		0C679C931CEC08EB004F8FF7 /* YWCell3.m in Sources */ = {isa = PBXBuildFile; fileRef = 0C679C911CEC08EB004F8FF7 /* YWCell3.m */; };
		0C679C941CEC08EB004F8FF7 /* YWCell3.xib in Resources */ = {isa = PBXBuildFile; fileRef = 0C679C921CEC08EB004F8FF7 /* YWCell3.xib */; };
		0C679C981CEC4742004F8FF7 /* YWtransferViewController.m in Sources */ = {isa = PBXBuildFile; fileRef = 0C679C971CEC4742004F8FF7 /* YWtransferViewController.m */; };
		0C679C9C1CEC6349004F8FF7 /* YWTurnViewController.m in Sources */ = {isa = PBXBuildFile; fileRef = 0C679C9A1CEC6349004F8FF7 /* YWTurnViewController.m */; };
		0C679C9D1CEC6349004F8FF7 /* YWTurnViewController.xib in Resources */ = {isa = PBXBuildFile; fileRef = 0C679C9B1CEC6349004F8FF7 /* YWTurnViewController.xib */; };
		0C7D43771CE07450001B3FB2 /* YWWriterViewController.m in Sources */ = {isa = PBXBuildFile; fileRef = 0C7D43761CE07450001B3FB2 /* YWWriterViewController.m */; };
		0C7EF0111CCF566000BFC1A6 /* main.m in Sources */ = {isa = PBXBuildFile; fileRef = 0C7EF0101CCF566000BFC1A6 /* main.m */; };
		0C7EF01C1CCF566000BFC1A6 /* Assets.xcassets in Resources */ = {isa = PBXBuildFile; fileRef = 0C7EF01B1CCF566000BFC1A6 /* Assets.xcassets */; };
		0C7EF02A1CCF566000BFC1A6 /* YiWobaoTests.m in Sources */ = {isa = PBXBuildFile; fileRef = 0C7EF0291CCF566000BFC1A6 /* YiWobaoTests.m */; };
		0C7EF0351CCF566000BFC1A6 /* YiWobaoUITests.m in Sources */ = {isa = PBXBuildFile; fileRef = 0C7EF0341CCF566000BFC1A6 /* YiWobaoUITests.m */; };
		0C84B2811CE5B4C200A0B4BE /* YWListViewController.m in Sources */ = {isa = PBXBuildFile; fileRef = 0C84B2801CE5B4C100A0B4BE /* YWListViewController.m */; };
		0C84B2931CE5D33200A0B4BE /* YWInViewController.m in Sources */ = {isa = PBXBuildFile; fileRef = 0C84B2911CE5D33200A0B4BE /* YWInViewController.m */; };
		0C84B2941CE5D33200A0B4BE /* YWInViewController.xib in Resources */ = {isa = PBXBuildFile; fileRef = 0C84B2921CE5D33200A0B4BE /* YWInViewController.xib */; };
		0C9573E71CD0AA2900BC8430 /* UIView+Frame.m in Sources */ = {isa = PBXBuildFile; fileRef = 0C9573E61CD0AA2900BC8430 /* UIView+Frame.m */; };
		0C9573F31CD0BE2000BC8430 /* FrameAutoScaleLFL.m in Sources */ = {isa = PBXBuildFile; fileRef = 0C9573F21CD0BE2000BC8430 /* FrameAutoScaleLFL.m */; };
		0C9F28481CD9D6E300E76450 /* YWFunctionModel.m in Sources */ = {isa = PBXBuildFile; fileRef = 0C9F28471CD9D6E300E76450 /* YWFunctionModel.m */; };
		0C9F28561CD9D99600E76450 /* YlListButton.m in Sources */ = {isa = PBXBuildFile; fileRef = 0C9F284E1CD9D99600E76450 /* YlListButton.m */; };
		0C9F28571CD9D99600E76450 /* YWCover.m in Sources */ = {isa = PBXBuildFile; fileRef = 0C9F28501CD9D99600E76450 /* YWCover.m */; };
		0C9F28581CD9D99600E76450 /* YWPopView.m in Sources */ = {isa = PBXBuildFile; fileRef = 0C9F28521CD9D99600E76450 /* YWPopView.m */; };
		0C9F28621CD9EC3800E76450 /* YWmainView.m in Sources */ = {isa = PBXBuildFile; fileRef = 0C9F28611CD9EC3800E76450 /* YWmainView.m */; };
		0C9F28651CD9F3CE00E76450 /* YWmainItemButton.m in Sources */ = {isa = PBXBuildFile; fileRef = 0C9F28641CD9F3CE00E76450 /* YWmainItemButton.m */; };
		0CA9715F1CD0622000E09656 /* AppDelegate.m in Sources */ = {isa = PBXBuildFile; fileRef = 0CA9715E1CD0622000E09656 /* AppDelegate.m */; };
		0CA971631CD0625A00E09656 /* YWnaviViewController.m in Sources */ = {isa = PBXBuildFile; fileRef = 0CA971621CD0625A00E09656 /* YWnaviViewController.m */; };
		0CAA80671CDC35F9000126CA /* YWUser.m in Sources */ = {isa = PBXBuildFile; fileRef = 0CAA80661CDC35F9000126CA /* YWUser.m */; };
		0CAA806D1CDC3649000126CA /* YWHttptool.m in Sources */ = {isa = PBXBuildFile; fileRef = 0CAA806C1CDC3649000126CA /* YWHttptool.m */; };
		0CAA80701CDC3CC7000126CA /* YWUserTool.m in Sources */ = {isa = PBXBuildFile; fileRef = 0CAA806F1CDC3CC7000126CA /* YWUserTool.m */; };
		0CCFE2DB1CF7EE0200A71D8D /* YWBuyGoods.m in Sources */ = {isa = PBXBuildFile; fileRef = 0CCFE2DA1CF7EE0200A71D8D /* YWBuyGoods.m */; };
		0CD33BFC1CED60F20094C53D /* CYConst.m in Sources */ = {isa = PBXBuildFile; fileRef = 0CD33BF01CED60F20094C53D /* CYConst.m */; };
		0CD33BFD1CED60F20094C53D /* CYPasswordInputView.m in Sources */ = {isa = PBXBuildFile; fileRef = 0CD33BF21CED60F20094C53D /* CYPasswordInputView.m */; };
		0CD33BFE1CED60F20094C53D /* CYPasswordView.bundle in Resources */ = {isa = PBXBuildFile; fileRef = 0CD33BF31CED60F20094C53D /* CYPasswordView.bundle */; };
		0CD33BFF1CED60F20094C53D /* CYPasswordView.m in Sources */ = {isa = PBXBuildFile; fileRef = 0CD33BF51CED60F20094C53D /* CYPasswordView.m */; };
		0CD33C001CED60F20094C53D /* UIView+Extension.m in Sources */ = {isa = PBXBuildFile; fileRef = 0CD33BF71CED60F20094C53D /* UIView+Extension.m */; };
		0CD33C011CED60F20094C53D /* Address.plist in Resources */ = {isa = PBXBuildFile; fileRef = 0CD33BF91CED60F20094C53D /* Address.plist */; };
		0CD33C021CED60F20094C53D /* CityPickView.m in Sources */ = {isa = PBXBuildFile; fileRef = 0CD33BFB1CED60F20094C53D /* CityPickView.m */; };
		0CD33C061CED614D0094C53D /* MBProgressHUD+MJ.m in Sources */ = {isa = PBXBuildFile; fileRef = 0CD33C051CED614D0094C53D /* MBProgressHUD+MJ.m */; };
		0CD33C0A1CEDA5190094C53D /* YWTjrTableController.m in Sources */ = {isa = PBXBuildFile; fileRef = 0CD33C091CEDA5190094C53D /* YWTjrTableController.m */; };
		0CD33C1E1CEDB2AD0094C53D /* TAAbstractDotView.m in Sources */ = {isa = PBXBuildFile; fileRef = 0CD33C111CEDB2AD0094C53D /* TAAbstractDotView.m */; };
		0CD33C1F1CEDB2AD0094C53D /* TAAnimatedDotView.m in Sources */ = {isa = PBXBuildFile; fileRef = 0CD33C131CEDB2AD0094C53D /* TAAnimatedDotView.m */; };
		0CD33C201CEDB2AD0094C53D /* TADotView.m in Sources */ = {isa = PBXBuildFile; fileRef = 0CD33C151CEDB2AD0094C53D /* TADotView.m */; };
		0CD33C211CEDB2AD0094C53D /* TAPageControl.m in Sources */ = {isa = PBXBuildFile; fileRef = 0CD33C171CEDB2AD0094C53D /* TAPageControl.m */; };
		0CD33C221CEDB2AD0094C53D /* SDCollectionViewCell.m in Sources */ = {isa = PBXBuildFile; fileRef = 0CD33C191CEDB2AD0094C53D /* SDCollectionViewCell.m */; };
		0CD33C231CEDB2AD0094C53D /* SDCycleScrollView.m in Sources */ = {isa = PBXBuildFile; fileRef = 0CD33C1B1CEDB2AD0094C53D /* SDCycleScrollView.m */; };
		0CD33C241CEDB2AD0094C53D /* UIView+SDExtension.m in Sources */ = {isa = PBXBuildFile; fileRef = 0CD33C1D1CEDB2AD0094C53D /* UIView+SDExtension.m */; };
		0CD33C281CEDC0160094C53D /* SearchViewController.m in Sources */ = {isa = PBXBuildFile; fileRef = 0CD33C271CEDC0160094C53D /* SearchViewController.m */; };
		0CE1C36E1CEB03D000D0BE1A /* YWCell4.m in Sources */ = {isa = PBXBuildFile; fileRef = 0CE1C36C1CEB03D000D0BE1A /* YWCell4.m */; };
		0CE1C36F1CEB03D000D0BE1A /* YWCell4.xib in Resources */ = {isa = PBXBuildFile; fileRef = 0CE1C36D1CEB03D000D0BE1A /* YWCell4.xib */; };
		0CF4E8071CD842A700DDC120 /* YWFunctionCell.m in Sources */ = {isa = PBXBuildFile; fileRef = 0CF4E8051CD842A700DDC120 /* YWFunctionCell.m */; };
		AA330537F6E8F0C6CF82656C /* libPods.a in Frameworks */ = {isa = PBXBuildFile; fileRef = 93A127D5672F8071D02B8F56 /* libPods.a */; };
/* End PBXBuildFile section */

/* Begin PBXContainerItemProxy section */
		0C7EF0261CCF566000BFC1A6 /* PBXContainerItemProxy */ = {
			isa = PBXContainerItemProxy;
			containerPortal = 0C7EF0041CCF565F00BFC1A6 /* Project object */;
			proxyType = 1;
			remoteGlobalIDString = 0C7EF00B1CCF565F00BFC1A6;
			remoteInfo = YiWobao;
		};
		0C7EF0311CCF566000BFC1A6 /* PBXContainerItemProxy */ = {
			isa = PBXContainerItemProxy;
			containerPortal = 0C7EF0041CCF565F00BFC1A6 /* Project object */;
			proxyType = 1;
			remoteGlobalIDString = 0C7EF00B1CCF565F00BFC1A6;
			remoteInfo = YiWobao;
		};
/* End PBXContainerItemProxy section */

/* Begin PBXFileReference section */
		0C006B0E1CEEE6F80014B0F2 /* YWGoodsViewController.h */ = {isa = PBXFileReference; fileEncoding = 4; lastKnownFileType = sourcecode.c.h; path = YWGoodsViewController.h; sourceTree = "<group>"; };
		0C006B0F1CEEE6F80014B0F2 /* YWGoodsViewController.m */ = {isa = PBXFileReference; fileEncoding = 4; lastKnownFileType = sourcecode.c.objc; path = YWGoodsViewController.m; sourceTree = "<group>"; };
		0C006B141CEEF69F0014B0F2 /* YWBuyViewController.h */ = {isa = PBXFileReference; fileEncoding = 4; lastKnownFileType = sourcecode.c.h; path = YWBuyViewController.h; sourceTree = "<group>"; };
		0C006B151CEEF69F0014B0F2 /* YWBuyViewController.m */ = {isa = PBXFileReference; fileEncoding = 4; lastKnownFileType = sourcecode.c.objc; path = YWBuyViewController.m; sourceTree = "<group>"; };
		0C130B421CE1E3B800ABCEF8 /* YWAddressEditController.h */ = {isa = PBXFileReference; fileEncoding = 4; lastKnownFileType = sourcecode.c.h; path = YWAddressEditController.h; sourceTree = "<group>"; };
		0C130B431CE1E3B800ABCEF8 /* YWAddressEditController.m */ = {isa = PBXFileReference; fileEncoding = 4; lastKnownFileType = sourcecode.c.objc; path = YWAddressEditController.m; sourceTree = "<group>"; };
		0C1A54411CCF62C700216B7F /* YWmainViewController.h */ = {isa = PBXFileReference; fileEncoding = 4; lastKnownFileType = sourcecode.c.h; path = YWmainViewController.h; sourceTree = "<group>"; };
		0C1A54421CCF62C700216B7F /* YWmainViewController.m */ = {isa = PBXFileReference; fileEncoding = 4; lastKnownFileType = sourcecode.c.objc; path = YWmainViewController.m; sourceTree = "<group>"; };
		0C1A54471CCF66DF00216B7F /* YWshoppingController.h */ = {isa = PBXFileReference; fileEncoding = 4; lastKnownFileType = sourcecode.c.h; path = YWshoppingController.h; sourceTree = "<group>"; };
		0C1A54481CCF66DF00216B7F /* YWshoppingController.m */ = {isa = PBXFileReference; fileEncoding = 4; lastKnownFileType = sourcecode.c.objc; path = YWshoppingController.m; sourceTree = "<group>"; };
		0C1A544A1CCF674D00216B7F /* YiWobao.pch */ = {isa = PBXFileReference; fileEncoding = 4; lastKnownFileType = sourcecode.c.h; path = YiWobao.pch; sourceTree = "<group>"; };
		0C1A54531CCF6B3E00216B7F /* YWpersonalViewController.h */ = {isa = PBXFileReference; fileEncoding = 4; lastKnownFileType = sourcecode.c.h; path = YWpersonalViewController.h; sourceTree = "<group>"; };
		0C1A54541CCF6B3E00216B7F /* YWpersonalViewController.m */ = {isa = PBXFileReference; fileEncoding = 4; lastKnownFileType = sourcecode.c.objc; path = YWpersonalViewController.m; sourceTree = "<group>"; tabWidth = 5; };
		0C21C88B1CD2F88B00561938 /* UIImage+YWimage.h */ = {isa = PBXFileReference; fileEncoding = 4; lastKnownFileType = sourcecode.c.h; path = "UIImage+YWimage.h"; sourceTree = "<group>"; };
		0C21C88C1CD2F88B00561938 /* UIImage+YWimage.m */ = {isa = PBXFileReference; fileEncoding = 4; lastKnownFileType = sourcecode.c.objc; path = "UIImage+YWimage.m"; sourceTree = "<group>"; };
		0C21C8971CD3074000561938 /* YWLeftViewController.h */ = {isa = PBXFileReference; fileEncoding = 4; lastKnownFileType = sourcecode.c.h; path = YWLeftViewController.h; sourceTree = "<group>"; };
		0C21C8981CD3074000561938 /* YWLeftViewController.m */ = {isa = PBXFileReference; fileEncoding = 4; lastKnownFileType = sourcecode.c.objc; path = YWLeftViewController.m; sourceTree = "<group>"; };
		0C21C89A1CD32B0400561938 /* UIView+YWViewController.h */ = {isa = PBXFileReference; fileEncoding = 4; lastKnownFileType = sourcecode.c.h; path = "UIView+YWViewController.h"; sourceTree = "<group>"; };
		0C21C89B1CD32B0400561938 /* UIView+YWViewController.m */ = {isa = PBXFileReference; fileEncoding = 4; lastKnownFileType = sourcecode.c.objc; path = "UIView+YWViewController.m"; sourceTree = "<group>"; };
		0C22543C1CD086D5006E4461 /* YWItemView.h */ = {isa = PBXFileReference; fileEncoding = 4; lastKnownFileType = sourcecode.c.h; path = YWItemView.h; sourceTree = "<group>"; };
		0C22543D1CD086D5006E4461 /* YWItemView.m */ = {isa = PBXFileReference; fileEncoding = 4; lastKnownFileType = sourcecode.c.objc; path = YWItemView.m; sourceTree = "<group>"; };
		0C25DC921CEEB0B70048B1D6 /* YWgoodsCell.h */ = {isa = PBXFileReference; fileEncoding = 4; lastKnownFileType = sourcecode.c.h; path = YWgoodsCell.h; sourceTree = "<group>"; };
		0C25DC931CEEB0B70048B1D6 /* YWgoodsCell.m */ = {isa = PBXFileReference; fileEncoding = 4; lastKnownFileType = sourcecode.c.objc; path = YWgoodsCell.m; sourceTree = "<group>"; };
		0C25DC941CEEB0B70048B1D6 /* YWgoodsCell.xib */ = {isa = PBXFileReference; fileEncoding = 4; lastKnownFileType = file.xib; path = YWgoodsCell.xib; sourceTree = "<group>"; };
		0C25DC971CEEB4660048B1D6 /* YWSorts.h */ = {isa = PBXFileReference; fileEncoding = 4; lastKnownFileType = sourcecode.c.h; path = YWSorts.h; sourceTree = "<group>"; };
		0C25DC981CEEB4660048B1D6 /* YWSorts.m */ = {isa = PBXFileReference; fileEncoding = 4; lastKnownFileType = sourcecode.c.objc; path = YWSorts.m; sourceTree = "<group>"; };
		0C27EC5A1CE182AB003BBF23 /* YWAddressController.h */ = {isa = PBXFileReference; fileEncoding = 4; lastKnownFileType = sourcecode.c.h; path = YWAddressController.h; sourceTree = "<group>"; };
		0C27EC5B1CE182AB003BBF23 /* YWAddressController.m */ = {isa = PBXFileReference; fileEncoding = 4; lastKnownFileType = sourcecode.c.objc; path = YWAddressController.m; sourceTree = "<group>"; };
		0C27EC5D1CE182E0003BBF23 /* YWAddressModel.h */ = {isa = PBXFileReference; fileEncoding = 4; lastKnownFileType = sourcecode.c.h; path = YWAddressModel.h; sourceTree = "<group>"; };
		0C27EC5E1CE182E0003BBF23 /* YWAddressModel.m */ = {isa = PBXFileReference; fileEncoding = 4; lastKnownFileType = sourcecode.c.objc; path = YWAddressModel.m; sourceTree = "<group>"; };
		0C27EC601CE1831A003BBF23 /* YWAderssCell.h */ = {isa = PBXFileReference; fileEncoding = 4; lastKnownFileType = sourcecode.c.h; path = YWAderssCell.h; sourceTree = "<group>"; };
		0C27EC611CE1831A003BBF23 /* YWAderssCell.m */ = {isa = PBXFileReference; fileEncoding = 4; lastKnownFileType = sourcecode.c.objc; path = YWAderssCell.m; sourceTree = "<group>"; };
		0C27EC651CE1AABE003BBF23 /* YWAddressFrame.h */ = {isa = PBXFileReference; fileEncoding = 4; lastKnownFileType = sourcecode.c.h; path = YWAddressFrame.h; sourceTree = "<group>"; };
		0C27EC661CE1AABE003BBF23 /* YWAddressFrame.m */ = {isa = PBXFileReference; fileEncoding = 4; lastKnownFileType = sourcecode.c.objc; path = YWAddressFrame.m; sourceTree = "<group>"; };
		0C3386881CE464B9005FBA32 /* YWOrderViewController.h */ = {isa = PBXFileReference; fileEncoding = 4; lastKnownFileType = sourcecode.c.h; path = YWOrderViewController.h; sourceTree = "<group>"; };
		0C3386891CE464B9005FBA32 /* YWOrderViewController.m */ = {isa = PBXFileReference; fileEncoding = 4; lastKnownFileType = sourcecode.c.objc; path = YWOrderViewController.m; sourceTree = "<group>"; };
		0C33868B1CE46650005FBA32 /* YWOrderModel.h */ = {isa = PBXFileReference; fileEncoding = 4; lastKnownFileType = sourcecode.c.h; path = YWOrderModel.h; sourceTree = "<group>"; };
		0C33868C1CE46650005FBA32 /* YWOrderModel.m */ = {isa = PBXFileReference; fileEncoding = 4; lastKnownFileType = sourcecode.c.objc; path = YWOrderModel.m; sourceTree = "<group>"; };
		0C33868E1CE469D4005FBA32 /* YWGoods.h */ = {isa = PBXFileReference; fileEncoding = 4; lastKnownFileType = sourcecode.c.h; path = YWGoods.h; sourceTree = "<group>"; };
		0C33868F1CE469D4005FBA32 /* YWGoods.m */ = {isa = PBXFileReference; fileEncoding = 4; lastKnownFileType = sourcecode.c.objc; path = YWGoods.m; sourceTree = "<group>"; };
		0C3386911CE475AB005FBA32 /* YWOrderCell.h */ = {isa = PBXFileReference; fileEncoding = 4; lastKnownFileType = sourcecode.c.h; path = YWOrderCell.h; sourceTree = "<group>"; };
		0C3386921CE475AB005FBA32 /* YWOrderCell.m */ = {isa = PBXFileReference; fileEncoding = 4; lastKnownFileType = sourcecode.c.objc; path = YWOrderCell.m; sourceTree = "<group>"; };
		0C388A2A1D0541F700DB6927 /* TabHomeRightTableCell.h */ = {isa = PBXFileReference; fileEncoding = 4; lastKnownFileType = sourcecode.c.h; path = TabHomeRightTableCell.h; sourceTree = "<group>"; };
		0C388A2B1D0541F700DB6927 /* TabHomeRightTableCell.m */ = {isa = PBXFileReference; fileEncoding = 4; lastKnownFileType = sourcecode.c.objc; path = TabHomeRightTableCell.m; sourceTree = "<group>"; };
		0C388A2D1D0541F700DB6927 /* YWClassViewController.h */ = {isa = PBXFileReference; fileEncoding = 4; lastKnownFileType = sourcecode.c.h; path = YWClassViewController.h; sourceTree = "<group>"; };
		0C388A2E1D0541F700DB6927 /* YWClassViewController.m */ = {isa = PBXFileReference; fileEncoding = 4; lastKnownFileType = sourcecode.c.objc; path = YWClassViewController.m; sourceTree = "<group>"; };
		0C388A321D05423E00DB6927 /* YWViewController.h */ = {isa = PBXFileReference; fileEncoding = 4; lastKnownFileType = sourcecode.c.h; path = YWViewController.h; sourceTree = "<group>"; };
		0C388A331D05423E00DB6927 /* YWViewController.m */ = {isa = PBXFileReference; fileEncoding = 4; lastKnownFileType = sourcecode.c.objc; path = YWViewController.m; sourceTree = "<group>"; };
		0C5EB4F21CEB110100870E06 /* YWModel4.h */ = {isa = PBXFileReference; fileEncoding = 4; lastKnownFileType = sourcecode.c.h; path = YWModel4.h; sourceTree = "<group>"; };
		0C5EB4F31CEB110100870E06 /* YWModel4.m */ = {isa = PBXFileReference; fileEncoding = 4; lastKnownFileType = sourcecode.c.objc; path = YWModel4.m; sourceTree = "<group>"; };
		0C5EB4F51CEB15C600870E06 /* YWCell5.h */ = {isa = PBXFileReference; fileEncoding = 4; lastKnownFileType = sourcecode.c.h; path = YWCell5.h; sourceTree = "<group>"; };
		0C5EB4F61CEB15C600870E06 /* YWCell5.m */ = {isa = PBXFileReference; fileEncoding = 4; lastKnownFileType = sourcecode.c.objc; path = YWCell5.m; sourceTree = "<group>"; };
		0C5EB4F71CEB15C600870E06 /* YWCell5.xib */ = {isa = PBXFileReference; fileEncoding = 4; lastKnownFileType = file.xib; path = YWCell5.xib; sourceTree = "<group>"; };
		0C5EB4FA1CEB15F200870E06 /* YWModel5.h */ = {isa = PBXFileReference; fileEncoding = 4; lastKnownFileType = sourcecode.c.h; path = YWModel5.h; sourceTree = "<group>"; };
		0C5EB4FB1CEB15F200870E06 /* YWModel5.m */ = {isa = PBXFileReference; fileEncoding = 4; lastKnownFileType = sourcecode.c.objc; path = YWModel5.m; sourceTree = "<group>"; };
		0C5EB9081CD0A59E00E4431A /* YWSearchBar.h */ = {isa = PBXFileReference; fileEncoding = 4; lastKnownFileType = sourcecode.c.h; path = YWSearchBar.h; sourceTree = "<group>"; };
		0C5EB9091CD0A59E00E4431A /* YWSearchBar.m */ = {isa = PBXFileReference; fileEncoding = 4; lastKnownFileType = sourcecode.c.objc; path = YWSearchBar.m; sourceTree = "<group>"; };
		0C5EEB1B1CE30BF400F585C3 /* RegisterController.h */ = {isa = PBXFileReference; fileEncoding = 4; lastKnownFileType = sourcecode.c.h; path = RegisterController.h; sourceTree = "<group>"; };
		0C5EEB1C1CE30BF400F585C3 /* RegisterController.m */ = {isa = PBXFileReference; fileEncoding = 4; lastKnownFileType = sourcecode.c.objc; path = RegisterController.m; sourceTree = "<group>"; };
		0C5EEB1D1CE30BF400F585C3 /* RegisterController.xib */ = {isa = PBXFileReference; fileEncoding = 4; lastKnownFileType = file.xib; path = RegisterController.xib; sourceTree = "<group>"; };
		0C673BED1CDB2C290088CA78 /* YWSettingTableController.h */ = {isa = PBXFileReference; fileEncoding = 4; lastKnownFileType = sourcecode.c.h; path = YWSettingTableController.h; sourceTree = "<group>"; };
		0C673BEE1CDB2C290088CA78 /* YWSettingTableController.m */ = {isa = PBXFileReference; fileEncoding = 4; lastKnownFileType = sourcecode.c.objc; path = YWSettingTableController.m; sourceTree = "<group>"; };
		0C673BF11CDB344F0088CA78 /* YWInformationController.h */ = {isa = PBXFileReference; fileEncoding = 4; lastKnownFileType = sourcecode.c.h; path = YWInformationController.h; sourceTree = "<group>"; };
		0C673BF21CDB344F0088CA78 /* YWInformationController.m */ = {isa = PBXFileReference; fileEncoding = 4; lastKnownFileType = sourcecode.c.objc; path = YWInformationController.m; sourceTree = "<group>"; };
		0C673BF51CDB46A50088CA78 /* YWLoginViewController.h */ = {isa = PBXFileReference; fileEncoding = 4; lastKnownFileType = sourcecode.c.h; path = YWLoginViewController.h; sourceTree = "<group>"; };
		0C673BF61CDB46A50088CA78 /* YWLoginViewController.m */ = {isa = PBXFileReference; fileEncoding = 4; lastKnownFileType = sourcecode.c.objc; path = YWLoginViewController.m; sourceTree = "<group>"; };
		0C673BF91CDB49680088CA78 /* Utils.h */ = {isa = PBXFileReference; fileEncoding = 4; lastKnownFileType = sourcecode.c.h; path = Utils.h; sourceTree = "<group>"; };
		0C673BFA1CDB49680088CA78 /* Utils.m */ = {isa = PBXFileReference; fileEncoding = 4; lastKnownFileType = sourcecode.c.objc; path = Utils.m; sourceTree = "<group>"; };
		0C679C861CEC07F1004F8FF7 /* YWCell6.h */ = {isa = PBXFileReference; fileEncoding = 4; lastKnownFileType = sourcecode.c.h; path = YWCell6.h; sourceTree = "<group>"; };
		0C679C871CEC07F1004F8FF7 /* YWCell6.m */ = {isa = PBXFileReference; fileEncoding = 4; lastKnownFileType = sourcecode.c.objc; path = YWCell6.m; sourceTree = "<group>"; };
		0C679C881CEC07F1004F8FF7 /* YWCell6.xib */ = {isa = PBXFileReference; fileEncoding = 4; lastKnownFileType = file.xib; path = YWCell6.xib; sourceTree = "<group>"; };
		0C679C8B1CEC08BC004F8FF7 /* YWCell7.h */ = {isa = PBXFileReference; fileEncoding = 4; lastKnownFileType = sourcecode.c.h; path = YWCell7.h; sourceTree = "<group>"; };
		0C679C8C1CEC08BC004F8FF7 /* YWCell7.m */ = {isa = PBXFileReference; fileEncoding = 4; lastKnownFileType = sourcecode.c.objc; path = YWCell7.m; sourceTree = "<group>"; };
		0C679C8D1CEC08BC004F8FF7 /* YWCell7.xib */ = {isa = PBXFileReference; fileEncoding = 4; lastKnownFileType = file.xib; path = YWCell7.xib; sourceTree = "<group>"; };
		0C679C901CEC08EB004F8FF7 /* YWCell3.h */ = {isa = PBXFileReference; fileEncoding = 4; lastKnownFileType = sourcecode.c.h; path = YWCell3.h; sourceTree = "<group>"; };
		0C679C911CEC08EB004F8FF7 /* YWCell3.m */ = {isa = PBXFileReference; fileEncoding = 4; lastKnownFileType = sourcecode.c.objc; path = YWCell3.m; sourceTree = "<group>"; };
		0C679C921CEC08EB004F8FF7 /* YWCell3.xib */ = {isa = PBXFileReference; fileEncoding = 4; lastKnownFileType = file.xib; path = YWCell3.xib; sourceTree = "<group>"; };
		0C679C961CEC4742004F8FF7 /* YWtransferViewController.h */ = {isa = PBXFileReference; fileEncoding = 4; lastKnownFileType = sourcecode.c.h; path = YWtransferViewController.h; sourceTree = "<group>"; };
		0C679C971CEC4742004F8FF7 /* YWtransferViewController.m */ = {isa = PBXFileReference; fileEncoding = 4; lastKnownFileType = sourcecode.c.objc; path = YWtransferViewController.m; sourceTree = "<group>"; };
		0C679C991CEC6349004F8FF7 /* YWTurnViewController.h */ = {isa = PBXFileReference; fileEncoding = 4; lastKnownFileType = sourcecode.c.h; path = YWTurnViewController.h; sourceTree = "<group>"; };
		0C679C9A1CEC6349004F8FF7 /* YWTurnViewController.m */ = {isa = PBXFileReference; fileEncoding = 4; lastKnownFileType = sourcecode.c.objc; path = YWTurnViewController.m; sourceTree = "<group>"; };
		0C679C9B1CEC6349004F8FF7 /* YWTurnViewController.xib */ = {isa = PBXFileReference; fileEncoding = 4; lastKnownFileType = file.xib; path = YWTurnViewController.xib; sourceTree = "<group>"; };
		0C7D43751CE07450001B3FB2 /* YWWriterViewController.h */ = {isa = PBXFileReference; fileEncoding = 4; lastKnownFileType = sourcecode.c.h; path = YWWriterViewController.h; sourceTree = "<group>"; };
		0C7D43761CE07450001B3FB2 /* YWWriterViewController.m */ = {isa = PBXFileReference; fileEncoding = 4; lastKnownFileType = sourcecode.c.objc; path = YWWriterViewController.m; sourceTree = "<group>"; };
		0C7EF00C1CCF565F00BFC1A6 /* YiWobao.app */ = {isa = PBXFileReference; explicitFileType = wrapper.application; includeInIndex = 0; path = YiWobao.app; sourceTree = BUILT_PRODUCTS_DIR; };
		0C7EF0101CCF566000BFC1A6 /* main.m */ = {isa = PBXFileReference; lastKnownFileType = sourcecode.c.objc; path = main.m; sourceTree = "<group>"; };
		0C7EF01B1CCF566000BFC1A6 /* Assets.xcassets */ = {isa = PBXFileReference; lastKnownFileType = folder.assetcatalog; path = Assets.xcassets; sourceTree = "<group>"; };
		0C7EF0201CCF566000BFC1A6 /* Info.plist */ = {isa = PBXFileReference; lastKnownFileType = text.plist.xml; path = Info.plist; sourceTree = "<group>"; };
		0C7EF0251CCF566000BFC1A6 /* YiWobaoTests.xctest */ = {isa = PBXFileReference; explicitFileType = wrapper.cfbundle; includeInIndex = 0; path = YiWobaoTests.xctest; sourceTree = BUILT_PRODUCTS_DIR; };
		0C7EF0291CCF566000BFC1A6 /* YiWobaoTests.m */ = {isa = PBXFileReference; lastKnownFileType = sourcecode.c.objc; path = YiWobaoTests.m; sourceTree = "<group>"; };
		0C7EF02B1CCF566000BFC1A6 /* Info.plist */ = {isa = PBXFileReference; lastKnownFileType = text.plist.xml; path = Info.plist; sourceTree = "<group>"; };
		0C7EF0301CCF566000BFC1A6 /* YiWobaoUITests.xctest */ = {isa = PBXFileReference; explicitFileType = wrapper.cfbundle; includeInIndex = 0; path = YiWobaoUITests.xctest; sourceTree = BUILT_PRODUCTS_DIR; };
		0C7EF0341CCF566000BFC1A6 /* YiWobaoUITests.m */ = {isa = PBXFileReference; lastKnownFileType = sourcecode.c.objc; path = YiWobaoUITests.m; sourceTree = "<group>"; };
		0C7EF0361CCF566000BFC1A6 /* Info.plist */ = {isa = PBXFileReference; lastKnownFileType = text.plist.xml; path = Info.plist; sourceTree = "<group>"; };
		0C84B27F1CE5B4C100A0B4BE /* YWListViewController.h */ = {isa = PBXFileReference; fileEncoding = 4; lastKnownFileType = sourcecode.c.h; path = YWListViewController.h; sourceTree = "<group>"; };
		0C84B2801CE5B4C100A0B4BE /* YWListViewController.m */ = {isa = PBXFileReference; fileEncoding = 4; lastKnownFileType = sourcecode.c.objc; path = YWListViewController.m; sourceTree = "<group>"; };
		0C84B2901CE5D33200A0B4BE /* YWInViewController.h */ = {isa = PBXFileReference; fileEncoding = 4; lastKnownFileType = sourcecode.c.h; path = YWInViewController.h; sourceTree = "<group>"; };
		0C84B2911CE5D33200A0B4BE /* YWInViewController.m */ = {isa = PBXFileReference; fileEncoding = 4; lastKnownFileType = sourcecode.c.objc; path = YWInViewController.m; sourceTree = "<group>"; };
		0C84B2921CE5D33200A0B4BE /* YWInViewController.xib */ = {isa = PBXFileReference; fileEncoding = 4; lastKnownFileType = file.xib; path = YWInViewController.xib; sourceTree = "<group>"; };
		0C9573E51CD0AA2900BC8430 /* UIView+Frame.h */ = {isa = PBXFileReference; fileEncoding = 4; lastKnownFileType = sourcecode.c.h; path = "UIView+Frame.h"; sourceTree = "<group>"; };
		0C9573E61CD0AA2900BC8430 /* UIView+Frame.m */ = {isa = PBXFileReference; fileEncoding = 4; lastKnownFileType = sourcecode.c.objc; path = "UIView+Frame.m"; sourceTree = "<group>"; };
		0C9573F11CD0BE2000BC8430 /* FrameAutoScaleLFL.h */ = {isa = PBXFileReference; fileEncoding = 4; lastKnownFileType = sourcecode.c.h; path = FrameAutoScaleLFL.h; sourceTree = "<group>"; };
		0C9573F21CD0BE2000BC8430 /* FrameAutoScaleLFL.m */ = {isa = PBXFileReference; fileEncoding = 4; lastKnownFileType = sourcecode.c.objc; path = FrameAutoScaleLFL.m; sourceTree = "<group>"; };
		0C9F28461CD9D6E300E76450 /* YWFunctionModel.h */ = {isa = PBXFileReference; fileEncoding = 4; lastKnownFileType = sourcecode.c.h; path = YWFunctionModel.h; sourceTree = "<group>"; };
		0C9F28471CD9D6E300E76450 /* YWFunctionModel.m */ = {isa = PBXFileReference; fileEncoding = 4; lastKnownFileType = sourcecode.c.objc; path = YWFunctionModel.m; sourceTree = "<group>"; };
		0C9F284D1CD9D99600E76450 /* YlListButton.h */ = {isa = PBXFileReference; fileEncoding = 4; lastKnownFileType = sourcecode.c.h; path = YlListButton.h; sourceTree = "<group>"; };
		0C9F284E1CD9D99600E76450 /* YlListButton.m */ = {isa = PBXFileReference; fileEncoding = 4; lastKnownFileType = sourcecode.c.objc; path = YlListButton.m; sourceTree = "<group>"; };
		0C9F284F1CD9D99600E76450 /* YWCover.h */ = {isa = PBXFileReference; fileEncoding = 4; lastKnownFileType = sourcecode.c.h; path = YWCover.h; sourceTree = "<group>"; };
		0C9F28501CD9D99600E76450 /* YWCover.m */ = {isa = PBXFileReference; fileEncoding = 4; lastKnownFileType = sourcecode.c.objc; path = YWCover.m; sourceTree = "<group>"; };
		0C9F28511CD9D99600E76450 /* YWPopView.h */ = {isa = PBXFileReference; fileEncoding = 4; lastKnownFileType = sourcecode.c.h; path = YWPopView.h; sourceTree = "<group>"; };
		0C9F28521CD9D99600E76450 /* YWPopView.m */ = {isa = PBXFileReference; fileEncoding = 4; lastKnownFileType = sourcecode.c.objc; path = YWPopView.m; sourceTree = "<group>"; };
		0C9F28601CD9EC3800E76450 /* YWmainView.h */ = {isa = PBXFileReference; fileEncoding = 4; lastKnownFileType = sourcecode.c.h; path = YWmainView.h; sourceTree = "<group>"; };
		0C9F28611CD9EC3800E76450 /* YWmainView.m */ = {isa = PBXFileReference; fileEncoding = 4; lastKnownFileType = sourcecode.c.objc; path = YWmainView.m; sourceTree = "<group>"; };
		0C9F28631CD9F3CE00E76450 /* YWmainItemButton.h */ = {isa = PBXFileReference; fileEncoding = 4; lastKnownFileType = sourcecode.c.h; path = YWmainItemButton.h; sourceTree = "<group>"; };
		0C9F28641CD9F3CE00E76450 /* YWmainItemButton.m */ = {isa = PBXFileReference; fileEncoding = 4; lastKnownFileType = sourcecode.c.objc; path = YWmainItemButton.m; sourceTree = "<group>"; };
		0CA9715D1CD0622000E09656 /* AppDelegate.h */ = {isa = PBXFileReference; fileEncoding = 4; lastKnownFileType = sourcecode.c.h; path = AppDelegate.h; sourceTree = "<group>"; };
		0CA9715E1CD0622000E09656 /* AppDelegate.m */ = {isa = PBXFileReference; fileEncoding = 4; lastKnownFileType = sourcecode.c.objc; path = AppDelegate.m; sourceTree = "<group>"; };
		0CA971611CD0625A00E09656 /* YWnaviViewController.h */ = {isa = PBXFileReference; fileEncoding = 4; lastKnownFileType = sourcecode.c.h; path = YWnaviViewController.h; sourceTree = "<group>"; };
		0CA971621CD0625A00E09656 /* YWnaviViewController.m */ = {isa = PBXFileReference; fileEncoding = 4; lastKnownFileType = sourcecode.c.objc; path = YWnaviViewController.m; sourceTree = "<group>"; };
		0CAA80651CDC35F9000126CA /* YWUser.h */ = {isa = PBXFileReference; fileEncoding = 4; lastKnownFileType = sourcecode.c.h; path = YWUser.h; sourceTree = "<group>"; };
		0CAA80661CDC35F9000126CA /* YWUser.m */ = {isa = PBXFileReference; fileEncoding = 4; lastKnownFileType = sourcecode.c.objc; path = YWUser.m; sourceTree = "<group>"; };
		0CAA806B1CDC3649000126CA /* YWHttptool.h */ = {isa = PBXFileReference; fileEncoding = 4; lastKnownFileType = sourcecode.c.h; path = YWHttptool.h; sourceTree = "<group>"; };
		0CAA806C1CDC3649000126CA /* YWHttptool.m */ = {isa = PBXFileReference; fileEncoding = 4; lastKnownFileType = sourcecode.c.objc; path = YWHttptool.m; sourceTree = "<group>"; };
		0CAA806E1CDC3CC7000126CA /* YWUserTool.h */ = {isa = PBXFileReference; fileEncoding = 4; lastKnownFileType = sourcecode.c.h; path = YWUserTool.h; sourceTree = "<group>"; };
		0CAA806F1CDC3CC7000126CA /* YWUserTool.m */ = {isa = PBXFileReference; fileEncoding = 4; lastKnownFileType = sourcecode.c.objc; path = YWUserTool.m; sourceTree = "<group>"; };
		0CCFE2D91CF7EE0200A71D8D /* YWBuyGoods.h */ = {isa = PBXFileReference; fileEncoding = 4; lastKnownFileType = sourcecode.c.h; path = YWBuyGoods.h; sourceTree = "<group>"; };
		0CCFE2DA1CF7EE0200A71D8D /* YWBuyGoods.m */ = {isa = PBXFileReference; fileEncoding = 4; lastKnownFileType = sourcecode.c.objc; path = YWBuyGoods.m; sourceTree = "<group>"; };
		0CD33BEF1CED60F20094C53D /* CYConst.h */ = {isa = PBXFileReference; fileEncoding = 4; lastKnownFileType = sourcecode.c.h; path = CYConst.h; sourceTree = "<group>"; };
		0CD33BF01CED60F20094C53D /* CYConst.m */ = {isa = PBXFileReference; fileEncoding = 4; lastKnownFileType = sourcecode.c.objc; path = CYConst.m; sourceTree = "<group>"; };
		0CD33BF11CED60F20094C53D /* CYPasswordInputView.h */ = {isa = PBXFileReference; fileEncoding = 4; lastKnownFileType = sourcecode.c.h; path = CYPasswordInputView.h; sourceTree = "<group>"; };
		0CD33BF21CED60F20094C53D /* CYPasswordInputView.m */ = {isa = PBXFileReference; fileEncoding = 4; lastKnownFileType = sourcecode.c.objc; path = CYPasswordInputView.m; sourceTree = "<group>"; };
		0CD33BF31CED60F20094C53D /* CYPasswordView.bundle */ = {isa = PBXFileReference; lastKnownFileType = "wrapper.plug-in"; path = CYPasswordView.bundle; sourceTree = "<group>"; };
		0CD33BF41CED60F20094C53D /* CYPasswordView.h */ = {isa = PBXFileReference; fileEncoding = 4; lastKnownFileType = sourcecode.c.h; path = CYPasswordView.h; sourceTree = "<group>"; };
		0CD33BF51CED60F20094C53D /* CYPasswordView.m */ = {isa = PBXFileReference; fileEncoding = 4; lastKnownFileType = sourcecode.c.objc; path = CYPasswordView.m; sourceTree = "<group>"; };
		0CD33BF61CED60F20094C53D /* UIView+Extension.h */ = {isa = PBXFileReference; fileEncoding = 4; lastKnownFileType = sourcecode.c.h; path = "UIView+Extension.h"; sourceTree = "<group>"; };
		0CD33BF71CED60F20094C53D /* UIView+Extension.m */ = {isa = PBXFileReference; fileEncoding = 4; lastKnownFileType = sourcecode.c.objc; path = "UIView+Extension.m"; sourceTree = "<group>"; };
		0CD33BF91CED60F20094C53D /* Address.plist */ = {isa = PBXFileReference; fileEncoding = 4; lastKnownFileType = text.plist.xml; path = Address.plist; sourceTree = "<group>"; };
		0CD33BFA1CED60F20094C53D /* CityPickView.h */ = {isa = PBXFileReference; fileEncoding = 4; lastKnownFileType = sourcecode.c.h; path = CityPickView.h; sourceTree = "<group>"; };
		0CD33BFB1CED60F20094C53D /* CityPickView.m */ = {isa = PBXFileReference; fileEncoding = 4; lastKnownFileType = sourcecode.c.objc; path = CityPickView.m; sourceTree = "<group>"; };
		0CD33C041CED614D0094C53D /* MBProgressHUD+MJ.h */ = {isa = PBXFileReference; fileEncoding = 4; lastKnownFileType = sourcecode.c.h; path = "MBProgressHUD+MJ.h"; sourceTree = "<group>"; };
		0CD33C051CED614D0094C53D /* MBProgressHUD+MJ.m */ = {isa = PBXFileReference; fileEncoding = 4; lastKnownFileType = sourcecode.c.objc; path = "MBProgressHUD+MJ.m"; sourceTree = "<group>"; };
		0CD33C081CEDA5190094C53D /* YWTjrTableController.h */ = {isa = PBXFileReference; fileEncoding = 4; lastKnownFileType = sourcecode.c.h; path = YWTjrTableController.h; sourceTree = "<group>"; };
		0CD33C091CEDA5190094C53D /* YWTjrTableController.m */ = {isa = PBXFileReference; fileEncoding = 4; lastKnownFileType = sourcecode.c.objc; path = YWTjrTableController.m; sourceTree = "<group>"; };
		0CD33C101CEDB2AD0094C53D /* TAAbstractDotView.h */ = {isa = PBXFileReference; fileEncoding = 4; lastKnownFileType = sourcecode.c.h; path = TAAbstractDotView.h; sourceTree = "<group>"; };
		0CD33C111CEDB2AD0094C53D /* TAAbstractDotView.m */ = {isa = PBXFileReference; fileEncoding = 4; lastKnownFileType = sourcecode.c.objc; path = TAAbstractDotView.m; sourceTree = "<group>"; };
		0CD33C121CEDB2AD0094C53D /* TAAnimatedDotView.h */ = {isa = PBXFileReference; fileEncoding = 4; lastKnownFileType = sourcecode.c.h; path = TAAnimatedDotView.h; sourceTree = "<group>"; };
		0CD33C131CEDB2AD0094C53D /* TAAnimatedDotView.m */ = {isa = PBXFileReference; fileEncoding = 4; lastKnownFileType = sourcecode.c.objc; path = TAAnimatedDotView.m; sourceTree = "<group>"; };
		0CD33C141CEDB2AD0094C53D /* TADotView.h */ = {isa = PBXFileReference; fileEncoding = 4; lastKnownFileType = sourcecode.c.h; path = TADotView.h; sourceTree = "<group>"; };
		0CD33C151CEDB2AD0094C53D /* TADotView.m */ = {isa = PBXFileReference; fileEncoding = 4; lastKnownFileType = sourcecode.c.objc; path = TADotView.m; sourceTree = "<group>"; };
		0CD33C161CEDB2AD0094C53D /* TAPageControl.h */ = {isa = PBXFileReference; fileEncoding = 4; lastKnownFileType = sourcecode.c.h; path = TAPageControl.h; sourceTree = "<group>"; };
		0CD33C171CEDB2AD0094C53D /* TAPageControl.m */ = {isa = PBXFileReference; fileEncoding = 4; lastKnownFileType = sourcecode.c.objc; path = TAPageControl.m; sourceTree = "<group>"; };
		0CD33C181CEDB2AD0094C53D /* SDCollectionViewCell.h */ = {isa = PBXFileReference; fileEncoding = 4; lastKnownFileType = sourcecode.c.h; path = SDCollectionViewCell.h; sourceTree = "<group>"; };
		0CD33C191CEDB2AD0094C53D /* SDCollectionViewCell.m */ = {isa = PBXFileReference; fileEncoding = 4; lastKnownFileType = sourcecode.c.objc; path = SDCollectionViewCell.m; sourceTree = "<group>"; };
		0CD33C1A1CEDB2AD0094C53D /* SDCycleScrollView.h */ = {isa = PBXFileReference; fileEncoding = 4; lastKnownFileType = sourcecode.c.h; path = SDCycleScrollView.h; sourceTree = "<group>"; };
		0CD33C1B1CEDB2AD0094C53D /* SDCycleScrollView.m */ = {isa = PBXFileReference; fileEncoding = 4; lastKnownFileType = sourcecode.c.objc; path = SDCycleScrollView.m; sourceTree = "<group>"; };
		0CD33C1C1CEDB2AD0094C53D /* UIView+SDExtension.h */ = {isa = PBXFileReference; fileEncoding = 4; lastKnownFileType = sourcecode.c.h; path = "UIView+SDExtension.h"; sourceTree = "<group>"; };
		0CD33C1D1CEDB2AD0094C53D /* UIView+SDExtension.m */ = {isa = PBXFileReference; fileEncoding = 4; lastKnownFileType = sourcecode.c.objc; path = "UIView+SDExtension.m"; sourceTree = "<group>"; };
		0CD33C261CEDC0160094C53D /* SearchViewController.h */ = {isa = PBXFileReference; fileEncoding = 4; lastKnownFileType = sourcecode.c.h; path = SearchViewController.h; sourceTree = "<group>"; };
		0CD33C271CEDC0160094C53D /* SearchViewController.m */ = {isa = PBXFileReference; fileEncoding = 4; lastKnownFileType = sourcecode.c.objc; path = SearchViewController.m; sourceTree = "<group>"; };
		0CE1C36B1CEB03D000D0BE1A /* YWCell4.h */ = {isa = PBXFileReference; fileEncoding = 4; lastKnownFileType = sourcecode.c.h; path = YWCell4.h; sourceTree = "<group>"; };
		0CE1C36C1CEB03D000D0BE1A /* YWCell4.m */ = {isa = PBXFileReference; fileEncoding = 4; lastKnownFileType = sourcecode.c.objc; path = YWCell4.m; sourceTree = "<group>"; };
		0CE1C36D1CEB03D000D0BE1A /* YWCell4.xib */ = {isa = PBXFileReference; fileEncoding = 4; lastKnownFileType = file.xib; path = YWCell4.xib; sourceTree = "<group>"; };
		0CF4E8041CD842A700DDC120 /* YWFunctionCell.h */ = {isa = PBXFileReference; fileEncoding = 4; lastKnownFileType = sourcecode.c.h; path = YWFunctionCell.h; sourceTree = "<group>"; };
		0CF4E8051CD842A700DDC120 /* YWFunctionCell.m */ = {isa = PBXFileReference; fileEncoding = 4; lastKnownFileType = sourcecode.c.objc; path = YWFunctionCell.m; sourceTree = "<group>"; };
		5933B00DB78DF7FAAA8CB697 /* Pods.release.xcconfig */ = {isa = PBXFileReference; includeInIndex = 1; lastKnownFileType = text.xcconfig; name = Pods.release.xcconfig; path = "Pods/Target Support Files/Pods/Pods.release.xcconfig"; sourceTree = "<group>"; };
		93A127D5672F8071D02B8F56 /* libPods.a */ = {isa = PBXFileReference; explicitFileType = archive.ar; includeInIndex = 0; path = libPods.a; sourceTree = BUILT_PRODUCTS_DIR; };
		EF2C9E36DEDA68893EE18D5B /* Pods.debug.xcconfig */ = {isa = PBXFileReference; includeInIndex = 1; lastKnownFileType = text.xcconfig; name = Pods.debug.xcconfig; path = "Pods/Target Support Files/Pods/Pods.debug.xcconfig"; sourceTree = "<group>"; };
/* End PBXFileReference section */

/* Begin PBXFrameworksBuildPhase section */
		0C7EF0091CCF565F00BFC1A6 /* Frameworks */ = {
			isa = PBXFrameworksBuildPhase;
			buildActionMask = 2147483647;
			files = (
				AA330537F6E8F0C6CF82656C /* libPods.a in Frameworks */,
			);
			runOnlyForDeploymentPostprocessing = 0;
		};
		0C7EF0221CCF566000BFC1A6 /* Frameworks */ = {
			isa = PBXFrameworksBuildPhase;
			buildActionMask = 2147483647;
			files = (
			);
			runOnlyForDeploymentPostprocessing = 0;
		};
		0C7EF02D1CCF566000BFC1A6 /* Frameworks */ = {
			isa = PBXFrameworksBuildPhase;
			buildActionMask = 2147483647;
			files = (
			);
			runOnlyForDeploymentPostprocessing = 0;
		};
/* End PBXFrameworksBuildPhase section */

/* Begin PBXGroup section */
		0C006B0D1CEEE6DB0014B0F2 /* 商品详情 */ = {
			isa = PBXGroup;
			children = (
				0C006B0E1CEEE6F80014B0F2 /* YWGoodsViewController.h */,
				0C006B0F1CEEE6F80014B0F2 /* YWGoodsViewController.m */,
			);
			path = "商品详情";
			sourceTree = "<group>";
		};
		0C006B131CEEF4EF0014B0F2 /* 购买 */ = {
			isa = PBXGroup;
			children = (
				0C006B141CEEF69F0014B0F2 /* YWBuyViewController.h */,
				0C006B151CEEF69F0014B0F2 /* YWBuyViewController.m */,
				0CCFE2D91CF7EE0200A71D8D /* YWBuyGoods.h */,
				0CCFE2DA1CF7EE0200A71D8D /* YWBuyGoods.m */,
			);
			path = "购买";
			sourceTree = "<group>";
		};
		0C130B411CE1E39900ABCEF8 /* addressEdit  */ = {
			isa = PBXGroup;
			children = (
				0C130B421CE1E3B800ABCEF8 /* YWAddressEditController.h */,
				0C130B431CE1E3B800ABCEF8 /* YWAddressEditController.m */,
			);
			path = "addressEdit ";
			sourceTree = "<group>";
		};
		0C1A54331CCF622000216B7F /* menu */ = {
			isa = PBXGroup;
			children = (
				0C1A54411CCF62C700216B7F /* YWmainViewController.h */,
				0C1A54421CCF62C700216B7F /* YWmainViewController.m */,
				0C388A311D05421A00DB6927 /* 全部的商品 */,
				0C388A281D0541F700DB6927 /* 分类 */,
				0C006B131CEEF4EF0014B0F2 /* 购买 */,
				0C006B0D1CEEE6DB0014B0F2 /* 商品详情 */,
				0CD33C251CEDBFEF0094C53D /* 搜索 */,
				0CD33C071CEDA4F90094C53D /* 推荐人 */,
				0C679C951CEC471A004F8FF7 /* transfer */,
				0C84B2881CE5CB6300A0B4BE /* income */,
				0C3386841CE464B9005FBA32 /* order */,
				0C33867F1CE46295005FBA32 /* list */,
				0C130B411CE1E39900ABCEF8 /* addressEdit  */,
				0C27EC531CE18125003BBF23 /* address */,
				0C673BF41CDB468E0088CA78 /* login */,
				0C673BF01CDB34380088CA78 /* information */,
				0C673BEC1CDB2BFA0088CA78 /* setting */,
				0C1A54341CCF622000216B7F /* personal */,
				0C1A54381CCF622000216B7F /* shopping */,
			);
			path = menu;
			sourceTree = "<group>";
		};
		0C1A54341CCF622000216B7F /* personal */ = {
			isa = PBXGroup;
			children = (
				0C1A54351CCF622000216B7F /* Controller */,
				0C1A54361CCF622000216B7F /* Model */,
				0C1A54371CCF622000216B7F /* View */,
			);
			path = personal;
			sourceTree = "<group>";
		};
		0C1A54351CCF622000216B7F /* Controller */ = {
			isa = PBXGroup;
			children = (
				0C1A54531CCF6B3E00216B7F /* YWpersonalViewController.h */,
				0C1A54541CCF6B3E00216B7F /* YWpersonalViewController.m */,
				0C21C8971CD3074000561938 /* YWLeftViewController.h */,
				0C21C8981CD3074000561938 /* YWLeftViewController.m */,
			);
			path = Controller;
			sourceTree = "<group>";
		};
		0C1A54361CCF622000216B7F /* Model */ = {
			isa = PBXGroup;
			children = (
				0C9F28461CD9D6E300E76450 /* YWFunctionModel.h */,
				0C9F28471CD9D6E300E76450 /* YWFunctionModel.m */,
			);
			path = Model;
			sourceTree = "<group>";
		};
		0C1A54371CCF622000216B7F /* View */ = {
			isa = PBXGroup;
			children = (
				0C9F284C1CD9D99600E76450 /* leftButton */,
				0C9F28531CD9D99600E76450 /* mainView */,
			);
			path = View;
			sourceTree = "<group>";
		};
		0C1A54381CCF622000216B7F /* shopping */ = {
			isa = PBXGroup;
			children = (
				0C1A54391CCF622000216B7F /* Controller */,
				0C1A543A1CCF622000216B7F /* Model */,
				0C1A543B1CCF622000216B7F /* View */,
			);
			path = shopping;
			sourceTree = "<group>";
		};
		0C1A54391CCF622000216B7F /* Controller */ = {
			isa = PBXGroup;
			children = (
				0C1A54471CCF66DF00216B7F /* YWshoppingController.h */,
				0C1A54481CCF66DF00216B7F /* YWshoppingController.m */,
			);
			path = Controller;
			sourceTree = "<group>";
		};
		0C1A543A1CCF622000216B7F /* Model */ = {
			isa = PBXGroup;
			children = (
				0C25DC971CEEB4660048B1D6 /* YWSorts.h */,
				0C25DC981CEEB4660048B1D6 /* YWSorts.m */,
			);
			path = Model;
			sourceTree = "<group>";
		};
		0C1A543B1CCF622000216B7F /* View */ = {
			isa = PBXGroup;
			children = (
				0C25DC921CEEB0B70048B1D6 /* YWgoodsCell.h */,
				0C25DC931CEEB0B70048B1D6 /* YWgoodsCell.m */,
				0C25DC941CEEB0B70048B1D6 /* YWgoodsCell.xib */,
			);
			path = View;
			sourceTree = "<group>";
		};
		0C1A543C1CCF622000216B7F /* other */ = {
			isa = PBXGroup;
			children = (
				0CA9715D1CD0622000E09656 /* AppDelegate.h */,
				0CA9715E1CD0622000E09656 /* AppDelegate.m */,
			);
			path = other;
			sourceTree = "<group>";
		};
		0C1A543D1CCF622000216B7F /* tool(业务类) */ = {
			isa = PBXGroup;
			children = (
				0C673BF81CDB494D0088CA78 /* utils */,
				0C1A54401CCF622000216B7F /* user */,
				0C1A543E1CCF622000216B7F /* config */,
				0C1A543F1CCF622000216B7F /* http */,
			);
			path = "tool(业务类)";
			sourceTree = "<group>";
		};
		0C1A543E1CCF622000216B7F /* config */ = {
			isa = PBXGroup;
			children = (
				0CAA806E1CDC3CC7000126CA /* YWUserTool.h */,
				0CAA806F1CDC3CC7000126CA /* YWUserTool.m */,
			);
			path = config;
			sourceTree = "<group>";
		};
		0C1A543F1CCF622000216B7F /* http */ = {
			isa = PBXGroup;
			children = (
				0CAA806B1CDC3649000126CA /* YWHttptool.h */,
				0CAA806C1CDC3649000126CA /* YWHttptool.m */,
			);
			path = http;
			sourceTree = "<group>";
		};
		0C1A54401CCF622000216B7F /* user */ = {
			isa = PBXGroup;
			children = (
				0CAA80651CDC35F9000126CA /* YWUser.h */,
				0CAA80661CDC35F9000126CA /* YWUser.m */,
			);
			path = user;
			sourceTree = "<group>";
		};
		0C22543B1CD086D5006E4461 /* CustomFunc */ = {
			isa = PBXGroup;
			children = (
				0C22543C1CD086D5006E4461 /* YWItemView.h */,
				0C22543D1CD086D5006E4461 /* YWItemView.m */,
				0CF4E8041CD842A700DDC120 /* YWFunctionCell.h */,
				0CF4E8051CD842A700DDC120 /* YWFunctionCell.m */,
				0C5EB9081CD0A59E00E4431A /* YWSearchBar.h */,
				0C5EB9091CD0A59E00E4431A /* YWSearchBar.m */,
			);
			path = CustomFunc;
			sourceTree = "<group>";
		};
		0C27EC531CE18125003BBF23 /* address */ = {
			isa = PBXGroup;
			children = (
				0C27EC591CE182AB003BBF23 /* viewController */,
				0C27EC571CE182AB003BBF23 /* cell */,
				0C27EC581CE182AB003BBF23 /* model */,
			);
			path = address;
			sourceTree = "<group>";
		};
		0C27EC571CE182AB003BBF23 /* cell */ = {
			isa = PBXGroup;
			children = (
				0C27EC601CE1831A003BBF23 /* YWAderssCell.h */,
				0C27EC611CE1831A003BBF23 /* YWAderssCell.m */,
			);
			path = cell;
			sourceTree = "<group>";
		};
		0C27EC581CE182AB003BBF23 /* model */ = {
			isa = PBXGroup;
			children = (
				0C27EC651CE1AABE003BBF23 /* YWAddressFrame.h */,
				0C27EC661CE1AABE003BBF23 /* YWAddressFrame.m */,
				0C27EC5D1CE182E0003BBF23 /* YWAddressModel.h */,
				0C27EC5E1CE182E0003BBF23 /* YWAddressModel.m */,
			);
			path = model;
			sourceTree = "<group>";
		};
		0C27EC591CE182AB003BBF23 /* viewController */ = {
			isa = PBXGroup;
			children = (
				0C27EC5A1CE182AB003BBF23 /* YWAddressController.h */,
				0C27EC5B1CE182AB003BBF23 /* YWAddressController.m */,
			);
			path = viewController;
			sourceTree = "<group>";
		};
		0C33867F1CE46295005FBA32 /* list */ = {
			isa = PBXGroup;
			children = (
				0C84B27E1CE5B44900A0B4BE /* viewController */,
				0C84B27C1CE5B44900A0B4BE /* Cell */,
				0C84B27D1CE5B44900A0B4BE /* model */,
			);
			path = list;
			sourceTree = "<group>";
		};
		0C3386841CE464B9005FBA32 /* order */ = {
			isa = PBXGroup;
			children = (
				0C3386871CE464B9005FBA32 /* ViewController */,
				0C3386851CE464B9005FBA32 /* cell */,
				0C3386861CE464B9005FBA32 /* model */,
			);
			path = order;
			sourceTree = "<group>";
		};
		0C3386851CE464B9005FBA32 /* cell */ = {
			isa = PBXGroup;
			children = (
				0C3386911CE475AB005FBA32 /* YWOrderCell.h */,
				0C3386921CE475AB005FBA32 /* YWOrderCell.m */,
			);
			path = cell;
			sourceTree = "<group>";
		};
		0C3386861CE464B9005FBA32 /* model */ = {
			isa = PBXGroup;
			children = (
				0C33868E1CE469D4005FBA32 /* YWGoods.h */,
				0C33868F1CE469D4005FBA32 /* YWGoods.m */,
				0C33868B1CE46650005FBA32 /* YWOrderModel.h */,
				0C33868C1CE46650005FBA32 /* YWOrderModel.m */,
			);
			path = model;
			sourceTree = "<group>";
		};
		0C3386871CE464B9005FBA32 /* ViewController */ = {
			isa = PBXGroup;
			children = (
				0C3386881CE464B9005FBA32 /* YWOrderViewController.h */,
				0C3386891CE464B9005FBA32 /* YWOrderViewController.m */,
			);
			path = ViewController;
			sourceTree = "<group>";
		};
		0C388A281D0541F700DB6927 /* 分类 */ = {
			isa = PBXGroup;
			children = (
				0C388A291D0541F700DB6927 /* cell */,
				0C388A2C1D0541F700DB6927 /* viewController */,
			);
			path = "分类";
			sourceTree = "<group>";
		};
		0C388A291D0541F700DB6927 /* cell */ = {
			isa = PBXGroup;
			children = (
				0C388A2A1D0541F700DB6927 /* TabHomeRightTableCell.h */,
				0C388A2B1D0541F700DB6927 /* TabHomeRightTableCell.m */,
			);
			path = cell;
			sourceTree = "<group>";
		};
		0C388A2C1D0541F700DB6927 /* viewController */ = {
			isa = PBXGroup;
			children = (
				0C388A2D1D0541F700DB6927 /* YWClassViewController.h */,
				0C388A2E1D0541F700DB6927 /* YWClassViewController.m */,
			);
			path = viewController;
			sourceTree = "<group>";
		};
		0C388A311D05421A00DB6927 /* 全部的商品 */ = {
			isa = PBXGroup;
			children = (
				0C388A321D05423E00DB6927 /* YWViewController.h */,
				0C388A331D05423E00DB6927 /* YWViewController.m */,
			);
			path = "全部的商品";
			sourceTree = "<group>";
		};
		0C5EEB1A1CE30BF400F585C3 /* changePass */ = {
			isa = PBXGroup;
			children = (
				0C5EEB1B1CE30BF400F585C3 /* RegisterController.h */,
				0C5EEB1C1CE30BF400F585C3 /* RegisterController.m */,
				0C5EEB1D1CE30BF400F585C3 /* RegisterController.xib */,
			);
			path = changePass;
			sourceTree = "<group>";
		};
		0C5EEB1E1CE30BF400F585C3 /* changePay */ = {
			isa = PBXGroup;
			children = (
			);
			path = changePay;
			sourceTree = "<group>";
		};
		0C673BEC1CDB2BFA0088CA78 /* setting */ = {
			isa = PBXGroup;
			children = (
				0C673BED1CDB2C290088CA78 /* YWSettingTableController.h */,
				0C673BEE1CDB2C290088CA78 /* YWSettingTableController.m */,
			);
			path = setting;
			sourceTree = "<group>";
		};
		0C673BF01CDB34380088CA78 /* information */ = {
			isa = PBXGroup;
			children = (
				0C673BF11CDB344F0088CA78 /* YWInformationController.h */,
				0C673BF21CDB344F0088CA78 /* YWInformationController.m */,
				0C7D43751CE07450001B3FB2 /* YWWriterViewController.h */,
				0C7D43761CE07450001B3FB2 /* YWWriterViewController.m */,
			);
			path = information;
			sourceTree = "<group>";
		};
		0C673BF41CDB468E0088CA78 /* login */ = {
			isa = PBXGroup;
			children = (
				0C673BF51CDB46A50088CA78 /* YWLoginViewController.h */,
				0C673BF61CDB46A50088CA78 /* YWLoginViewController.m */,
				0C5EEB1A1CE30BF400F585C3 /* changePass */,
				0C5EEB1E1CE30BF400F585C3 /* changePay */,
			);
			path = login;
			sourceTree = "<group>";
		};
		0C673BF81CDB494D0088CA78 /* utils */ = {
			isa = PBXGroup;
			children = (
				0C673BF91CDB49680088CA78 /* Utils.h */,
				0C673BFA1CDB49680088CA78 /* Utils.m */,
			);
			path = utils;
			sourceTree = "<group>";
		};
		0C679C951CEC471A004F8FF7 /* transfer */ = {
			isa = PBXGroup;
			children = (
				0C679C961CEC4742004F8FF7 /* YWtransferViewController.h */,
				0C679C971CEC4742004F8FF7 /* YWtransferViewController.m */,
				0C679C991CEC6349004F8FF7 /* YWTurnViewController.h */,
				0C679C9A1CEC6349004F8FF7 /* YWTurnViewController.m */,
				0C679C9B1CEC6349004F8FF7 /* YWTurnViewController.xib */,
			);
			path = transfer;
			sourceTree = "<group>";
		};
		0C7EF0031CCF565F00BFC1A6 = {
			isa = PBXGroup;
			children = (
				0C7EF00E1CCF566000BFC1A6 /* YiWobao */,
				0C7EF0281CCF566000BFC1A6 /* YiWobaoTests */,
				0C7EF0331CCF566000BFC1A6 /* YiWobaoUITests */,
				0C7EF00D1CCF565F00BFC1A6 /* Products */,
				9BB029003A0F4E04A24C13B8 /* Pods */,
				E37A9BB6116CC735F22C32B5 /* Frameworks */,
			);
			sourceTree = "<group>";
		};
		0C7EF00D1CCF565F00BFC1A6 /* Products */ = {
			isa = PBXGroup;
			children = (
				0C7EF00C1CCF565F00BFC1A6 /* YiWobao.app */,
				0C7EF0251CCF566000BFC1A6 /* YiWobaoTests.xctest */,
				0C7EF0301CCF566000BFC1A6 /* YiWobaoUITests.xctest */,
			);
			name = Products;
			sourceTree = "<group>";
		};
		0C7EF00E1CCF566000BFC1A6 /* YiWobao */ = {
			isa = PBXGroup;
			children = (
				0C9573EF1CD0BE2000BC8430 /* lib */,
				0C9573E41CD0A9F600BC8430 /* Category */,
				0C22543B1CD086D5006E4461 /* CustomFunc */,
				0C1A543D1CCF622000216B7F /* tool(业务类) */,
				0CA971601CD0625A00E09656 /* BaseClasses */,
				0C1A54331CCF622000216B7F /* menu */,
				0C1A543C1CCF622000216B7F /* other */,
				0C7EF01B1CCF566000BFC1A6 /* Assets.xcassets */,
				0C7EF0201CCF566000BFC1A6 /* Info.plist */,
				0C1A544A1CCF674D00216B7F /* YiWobao.pch */,
				0C7EF00F1CCF566000BFC1A6 /* Supporting Files */,
			);
			path = YiWobao;
			sourceTree = "<group>";
		};
		0C7EF00F1CCF566000BFC1A6 /* Supporting Files */ = {
			isa = PBXGroup;
			children = (
				0C7EF0101CCF566000BFC1A6 /* main.m */,
			);
			name = "Supporting Files";
			sourceTree = "<group>";
		};
		0C7EF0281CCF566000BFC1A6 /* YiWobaoTests */ = {
			isa = PBXGroup;
			children = (
				0C7EF0291CCF566000BFC1A6 /* YiWobaoTests.m */,
				0C7EF02B1CCF566000BFC1A6 /* Info.plist */,
			);
			path = YiWobaoTests;
			sourceTree = "<group>";
		};
		0C7EF0331CCF566000BFC1A6 /* YiWobaoUITests */ = {
			isa = PBXGroup;
			children = (
				0C7EF0341CCF566000BFC1A6 /* YiWobaoUITests.m */,
				0C7EF0361CCF566000BFC1A6 /* Info.plist */,
			);
			path = YiWobaoUITests;
			sourceTree = "<group>";
		};
		0C84B27C1CE5B44900A0B4BE /* Cell */ = {
			isa = PBXGroup;
			children = (
				0C679C901CEC08EB004F8FF7 /* YWCell3.h */,
				0C679C911CEC08EB004F8FF7 /* YWCell3.m */,
				0C679C921CEC08EB004F8FF7 /* YWCell3.xib */,
				0CE1C36B1CEB03D000D0BE1A /* YWCell4.h */,
				0CE1C36C1CEB03D000D0BE1A /* YWCell4.m */,
				0CE1C36D1CEB03D000D0BE1A /* YWCell4.xib */,
				0C5EB4F51CEB15C600870E06 /* YWCell5.h */,
				0C5EB4F61CEB15C600870E06 /* YWCell5.m */,
				0C5EB4F71CEB15C600870E06 /* YWCell5.xib */,
				0C679C861CEC07F1004F8FF7 /* YWCell6.h */,
				0C679C871CEC07F1004F8FF7 /* YWCell6.m */,
				0C679C881CEC07F1004F8FF7 /* YWCell6.xib */,
				0C679C8B1CEC08BC004F8FF7 /* YWCell7.h */,
				0C679C8C1CEC08BC004F8FF7 /* YWCell7.m */,
				0C679C8D1CEC08BC004F8FF7 /* YWCell7.xib */,
			);
			path = Cell;
			sourceTree = "<group>";
		};
		0C84B27D1CE5B44900A0B4BE /* model */ = {
			isa = PBXGroup;
			children = (
				0C5EB4F21CEB110100870E06 /* YWModel4.h */,
				0C5EB4F31CEB110100870E06 /* YWModel4.m */,
				0C5EB4FA1CEB15F200870E06 /* YWModel5.h */,
				0C5EB4FB1CEB15F200870E06 /* YWModel5.m */,
			);
			path = model;
			sourceTree = "<group>";
		};
		0C84B27E1CE5B44900A0B4BE /* viewController */ = {
			isa = PBXGroup;
			children = (
				0C84B27F1CE5B4C100A0B4BE /* YWListViewController.h */,
				0C84B2801CE5B4C100A0B4BE /* YWListViewController.m */,
			);
			path = viewController;
			sourceTree = "<group>";
		};
		0C84B2881CE5CB6300A0B4BE /* income */ = {
			isa = PBXGroup;
			children = (
				0C84B2901CE5D33200A0B4BE /* YWInViewController.h */,
				0C84B2911CE5D33200A0B4BE /* YWInViewController.m */,
				0C84B2921CE5D33200A0B4BE /* YWInViewController.xib */,
			);
			path = income;
			sourceTree = "<group>";
		};
		0C9573E41CD0A9F600BC8430 /* Category */ = {
			isa = PBXGroup;
			children = (
				0C9573E51CD0AA2900BC8430 /* UIView+Frame.h */,
				0C9573E61CD0AA2900BC8430 /* UIView+Frame.m */,
				0C21C88B1CD2F88B00561938 /* UIImage+YWimage.h */,
				0C21C88C1CD2F88B00561938 /* UIImage+YWimage.m */,
				0C21C89A1CD32B0400561938 /* UIView+YWViewController.h */,
				0C21C89B1CD32B0400561938 /* UIView+YWViewController.m */,
			);
			path = Category;
			sourceTree = "<group>";
		};
		0C9573EF1CD0BE2000BC8430 /* lib */ = {
			isa = PBXGroup;
			children = (
				0CD33C0E1CEDB2AD0094C53D /* SDCycleScrollView */,
				0CD33C031CED610B0094C53D /* MBProgressHUD+MJ */,
				0CD33BEE1CED60F20094C53D /* CYPasswordView */,
				0CD33BF81CED60F20094C53D /* pincker */,
				0C9573F01CD0BE2000BC8430 /* FrameAutoScaleLFL */,
			);
			path = lib;
			sourceTree = "<group>";
		};
		0C9573F01CD0BE2000BC8430 /* FrameAutoScaleLFL */ = {
			isa = PBXGroup;
			children = (
				0C9573F11CD0BE2000BC8430 /* FrameAutoScaleLFL.h */,
				0C9573F21CD0BE2000BC8430 /* FrameAutoScaleLFL.m */,
			);
			path = FrameAutoScaleLFL;
			sourceTree = "<group>";
		};
		0C9F284C1CD9D99600E76450 /* leftButton */ = {
			isa = PBXGroup;
			children = (
				0C9F284D1CD9D99600E76450 /* YlListButton.h */,
				0C9F284E1CD9D99600E76450 /* YlListButton.m */,
				0C9F284F1CD9D99600E76450 /* YWCover.h */,
				0C9F28501CD9D99600E76450 /* YWCover.m */,
				0C9F28511CD9D99600E76450 /* YWPopView.h */,
				0C9F28521CD9D99600E76450 /* YWPopView.m */,
			);
			path = leftButton;
			sourceTree = "<group>";
		};
		0C9F28531CD9D99600E76450 /* mainView */ = {
			isa = PBXGroup;
			children = (
				0C9F28601CD9EC3800E76450 /* YWmainView.h */,
				0C9F28611CD9EC3800E76450 /* YWmainView.m */,
				0C9F28631CD9F3CE00E76450 /* YWmainItemButton.h */,
				0C9F28641CD9F3CE00E76450 /* YWmainItemButton.m */,
			);
			path = mainView;
			sourceTree = "<group>";
		};
		0CA971601CD0625A00E09656 /* BaseClasses */ = {
			isa = PBXGroup;
			children = (
				0CA971611CD0625A00E09656 /* YWnaviViewController.h */,
				0CA971621CD0625A00E09656 /* YWnaviViewController.m */,
			);
			name = BaseClasses;
			path = menu/BaseClasses;
			sourceTree = "<group>";
		};
		0CD33BEE1CED60F20094C53D /* CYPasswordView */ = {
			isa = PBXGroup;
			children = (
				0CD33BEF1CED60F20094C53D /* CYConst.h */,
				0CD33BF01CED60F20094C53D /* CYConst.m */,
				0CD33BF11CED60F20094C53D /* CYPasswordInputView.h */,
				0CD33BF21CED60F20094C53D /* CYPasswordInputView.m */,
				0CD33BF31CED60F20094C53D /* CYPasswordView.bundle */,
				0CD33BF41CED60F20094C53D /* CYPasswordView.h */,
				0CD33BF51CED60F20094C53D /* CYPasswordView.m */,
				0CD33BF61CED60F20094C53D /* UIView+Extension.h */,
				0CD33BF71CED60F20094C53D /* UIView+Extension.m */,
			);
			path = CYPasswordView;
			sourceTree = "<group>";
		};
		0CD33BF81CED60F20094C53D /* pincker */ = {
			isa = PBXGroup;
			children = (
				0CD33BF91CED60F20094C53D /* Address.plist */,
				0CD33BFA1CED60F20094C53D /* CityPickView.h */,
				0CD33BFB1CED60F20094C53D /* CityPickView.m */,
			);
			path = pincker;
			sourceTree = "<group>";
		};
		0CD33C031CED610B0094C53D /* MBProgressHUD+MJ */ = {
			isa = PBXGroup;
			children = (
				0CD33C041CED614D0094C53D /* MBProgressHUD+MJ.h */,
				0CD33C051CED614D0094C53D /* MBProgressHUD+MJ.m */,
			);
			path = "MBProgressHUD+MJ";
			sourceTree = "<group>";
		};
		0CD33C071CEDA4F90094C53D /* 推荐人 */ = {
			isa = PBXGroup;
			children = (
				0CD33C081CEDA5190094C53D /* YWTjrTableController.h */,
				0CD33C091CEDA5190094C53D /* YWTjrTableController.m */,
			);
			path = "推荐人";
			sourceTree = "<group>";
		};
		0CD33C0E1CEDB2AD0094C53D /* SDCycleScrollView */ = {
			isa = PBXGroup;
			children = (
				0CD33C0F1CEDB2AD0094C53D /* PageControl */,
				0CD33C181CEDB2AD0094C53D /* SDCollectionViewCell.h */,
				0CD33C191CEDB2AD0094C53D /* SDCollectionViewCell.m */,
				0CD33C1A1CEDB2AD0094C53D /* SDCycleScrollView.h */,
				0CD33C1B1CEDB2AD0094C53D /* SDCycleScrollView.m */,
				0CD33C1C1CEDB2AD0094C53D /* UIView+SDExtension.h */,
				0CD33C1D1CEDB2AD0094C53D /* UIView+SDExtension.m */,
			);
			path = SDCycleScrollView;
			sourceTree = "<group>";
		};
		0CD33C0F1CEDB2AD0094C53D /* PageControl */ = {
			isa = PBXGroup;
			children = (
				0CD33C101CEDB2AD0094C53D /* TAAbstractDotView.h */,
				0CD33C111CEDB2AD0094C53D /* TAAbstractDotView.m */,
				0CD33C121CEDB2AD0094C53D /* TAAnimatedDotView.h */,
				0CD33C131CEDB2AD0094C53D /* TAAnimatedDotView.m */,
				0CD33C141CEDB2AD0094C53D /* TADotView.h */,
				0CD33C151CEDB2AD0094C53D /* TADotView.m */,
				0CD33C161CEDB2AD0094C53D /* TAPageControl.h */,
				0CD33C171CEDB2AD0094C53D /* TAPageControl.m */,
			);
			path = PageControl;
			sourceTree = "<group>";
		};
		0CD33C251CEDBFEF0094C53D /* 搜索 */ = {
			isa = PBXGroup;
			children = (
				0CD33C261CEDC0160094C53D /* SearchViewController.h */,
				0CD33C271CEDC0160094C53D /* SearchViewController.m */,
			);
			path = "搜索";
			sourceTree = "<group>";
		};
		9BB029003A0F4E04A24C13B8 /* Pods */ = {
			isa = PBXGroup;
			children = (
				EF2C9E36DEDA68893EE18D5B /* Pods.debug.xcconfig */,
				5933B00DB78DF7FAAA8CB697 /* Pods.release.xcconfig */,
			);
			name = Pods;
			sourceTree = "<group>";
		};
		E37A9BB6116CC735F22C32B5 /* Frameworks */ = {
			isa = PBXGroup;
			children = (
				93A127D5672F8071D02B8F56 /* libPods.a */,
			);
			name = Frameworks;
			sourceTree = "<group>";
		};
/* End PBXGroup section */

/* Begin PBXNativeTarget section */
		0C7EF00B1CCF565F00BFC1A6 /* YiWobao */ = {
			isa = PBXNativeTarget;
			buildConfigurationList = 0C7EF0391CCF566000BFC1A6 /* Build configuration list for PBXNativeTarget "YiWobao" */;
			buildPhases = (
				A66479C7E3CE24437CEE1229 /* Check Pods Manifest.lock */,
				0C7EF0081CCF565F00BFC1A6 /* Sources */,
				0C7EF0091CCF565F00BFC1A6 /* Frameworks */,
				0C7EF00A1CCF565F00BFC1A6 /* Resources */,
				E4710270839DFA6DF76DA1E2 /* Embed Pods Frameworks */,
				6B8BD33B6CE8A023FAB7FAC5 /* Copy Pods Resources */,
			);
			buildRules = (
			);
			dependencies = (
			);
			name = YiWobao;
			productName = YiWobao;
			productReference = 0C7EF00C1CCF565F00BFC1A6 /* YiWobao.app */;
			productType = "com.apple.product-type.application";
		};
		0C7EF0241CCF566000BFC1A6 /* YiWobaoTests */ = {
			isa = PBXNativeTarget;
			buildConfigurationList = 0C7EF03C1CCF566000BFC1A6 /* Build configuration list for PBXNativeTarget "YiWobaoTests" */;
			buildPhases = (
				0C7EF0211CCF566000BFC1A6 /* Sources */,
				0C7EF0221CCF566000BFC1A6 /* Frameworks */,
				0C7EF0231CCF566000BFC1A6 /* Resources */,
			);
			buildRules = (
			);
			dependencies = (
				0C7EF0271CCF566000BFC1A6 /* PBXTargetDependency */,
			);
			name = YiWobaoTests;
			productName = YiWobaoTests;
			productReference = 0C7EF0251CCF566000BFC1A6 /* YiWobaoTests.xctest */;
			productType = "com.apple.product-type.bundle.unit-test";
		};
		0C7EF02F1CCF566000BFC1A6 /* YiWobaoUITests */ = {
			isa = PBXNativeTarget;
			buildConfigurationList = 0C7EF03F1CCF566000BFC1A6 /* Build configuration list for PBXNativeTarget "YiWobaoUITests" */;
			buildPhases = (
				0C7EF02C1CCF566000BFC1A6 /* Sources */,
				0C7EF02D1CCF566000BFC1A6 /* Frameworks */,
				0C7EF02E1CCF566000BFC1A6 /* Resources */,
			);
			buildRules = (
			);
			dependencies = (
				0C7EF0321CCF566000BFC1A6 /* PBXTargetDependency */,
			);
			name = YiWobaoUITests;
			productName = YiWobaoUITests;
			productReference = 0C7EF0301CCF566000BFC1A6 /* YiWobaoUITests.xctest */;
			productType = "com.apple.product-type.bundle.ui-testing";
		};
/* End PBXNativeTarget section */

/* Begin PBXProject section */
		0C7EF0041CCF565F00BFC1A6 /* Project object */ = {
			isa = PBXProject;
			attributes = {
				CLASSPREFIX = YW;
				LastUpgradeCheck = 0730;
				ORGANIZATIONNAME = "浙江蚁窝投资管理有限公司";
				TargetAttributes = {
					0C7EF00B1CCF565F00BFC1A6 = {
						CreatedOnToolsVersion = 7.3;
						DevelopmentTeam = 2VLJW4JUKS;
					};
					0C7EF0241CCF566000BFC1A6 = {
						CreatedOnToolsVersion = 7.3;
						TestTargetID = 0C7EF00B1CCF565F00BFC1A6;
					};
					0C7EF02F1CCF566000BFC1A6 = {
						CreatedOnToolsVersion = 7.3;
						TestTargetID = 0C7EF00B1CCF565F00BFC1A6;
					};
				};
			};
			buildConfigurationList = 0C7EF0071CCF565F00BFC1A6 /* Build configuration list for PBXProject "YiWobao" */;
			compatibilityVersion = "Xcode 3.2";
			developmentRegion = English;
			hasScannedForEncodings = 0;
			knownRegions = (
				en,
				Base,
			);
			mainGroup = 0C7EF0031CCF565F00BFC1A6;
			productRefGroup = 0C7EF00D1CCF565F00BFC1A6 /* Products */;
			projectDirPath = "";
			projectRoot = "";
			targets = (
				0C7EF00B1CCF565F00BFC1A6 /* YiWobao */,
				0C7EF0241CCF566000BFC1A6 /* YiWobaoTests */,
				0C7EF02F1CCF566000BFC1A6 /* YiWobaoUITests */,
			);
		};
/* End PBXProject section */

/* Begin PBXResourcesBuildPhase section */
		0C7EF00A1CCF565F00BFC1A6 /* Resources */ = {
			isa = PBXResourcesBuildPhase;
			buildActionMask = 2147483647;
			files = (
				0C5EB4F91CEB15C600870E06 /* YWCell5.xib in Resources */,
				0C679C8A1CEC07F1004F8FF7 /* YWCell6.xib in Resources */,
				0C84B2941CE5D33200A0B4BE /* YWInViewController.xib in Resources */,
				0C7EF01C1CCF566000BFC1A6 /* Assets.xcassets in Resources */,
				0C679C941CEC08EB004F8FF7 /* YWCell3.xib in Resources */,
				0CD33BFE1CED60F20094C53D /* CYPasswordView.bundle in Resources */,
				0C5EEB201CE30BF400F585C3 /* RegisterController.xib in Resources */,
				0C25DC961CEEB0B70048B1D6 /* YWgoodsCell.xib in Resources */,
				0CE1C36F1CEB03D000D0BE1A /* YWCell4.xib in Resources */,
				0CD33C011CED60F20094C53D /* Address.plist in Resources */,
				0C679C9D1CEC6349004F8FF7 /* YWTurnViewController.xib in Resources */,
				0C679C8F1CEC08BC004F8FF7 /* YWCell7.xib in Resources */,
			);
			runOnlyForDeploymentPostprocessing = 0;
		};
		0C7EF0231CCF566000BFC1A6 /* Resources */ = {
			isa = PBXResourcesBuildPhase;
			buildActionMask = 2147483647;
			files = (
			);
			runOnlyForDeploymentPostprocessing = 0;
		};
		0C7EF02E1CCF566000BFC1A6 /* Resources */ = {
			isa = PBXResourcesBuildPhase;
			buildActionMask = 2147483647;
			files = (
			);
			runOnlyForDeploymentPostprocessing = 0;
		};
/* End PBXResourcesBuildPhase section */

/* Begin PBXShellScriptBuildPhase section */
		6B8BD33B6CE8A023FAB7FAC5 /* Copy Pods Resources */ = {
			isa = PBXShellScriptBuildPhase;
			buildActionMask = 2147483647;
			files = (
			);
			inputPaths = (
			);
			name = "Copy Pods Resources";
			outputPaths = (
			);
			runOnlyForDeploymentPostprocessing = 0;
			shellPath = /bin/sh;
			shellScript = "\"${SRCROOT}/Pods/Target Support Files/Pods/Pods-resources.sh\"\n";
			showEnvVarsInLog = 0;
		};
		A66479C7E3CE24437CEE1229 /* Check Pods Manifest.lock */ = {
			isa = PBXShellScriptBuildPhase;
			buildActionMask = 2147483647;
			files = (
			);
			inputPaths = (
			);
			name = "Check Pods Manifest.lock";
			outputPaths = (
			);
			runOnlyForDeploymentPostprocessing = 0;
			shellPath = /bin/sh;
			shellScript = "diff \"${PODS_ROOT}/../Podfile.lock\" \"${PODS_ROOT}/Manifest.lock\" > /dev/null\nif [[ $? != 0 ]] ; then\n    cat << EOM\nerror: The sandbox is not in sync with the Podfile.lock. Run 'pod install' or update your CocoaPods installation.\nEOM\n    exit 1\nfi\n";
			showEnvVarsInLog = 0;
		};
		E4710270839DFA6DF76DA1E2 /* Embed Pods Frameworks */ = {
			isa = PBXShellScriptBuildPhase;
			buildActionMask = 2147483647;
			files = (
			);
			inputPaths = (
			);
			name = "Embed Pods Frameworks";
			outputPaths = (
			);
			runOnlyForDeploymentPostprocessing = 0;
			shellPath = /bin/sh;
			shellScript = "\"${SRCROOT}/Pods/Target Support Files/Pods/Pods-frameworks.sh\"\n";
			showEnvVarsInLog = 0;
		};
/* End PBXShellScriptBuildPhase section */

/* Begin PBXSourcesBuildPhase section */
		0C7EF0081CCF565F00BFC1A6 /* Sources */ = {
			isa = PBXSourcesBuildPhase;
			buildActionMask = 2147483647;
			files = (
				0CF4E8071CD842A700DDC120 /* YWFunctionCell.m in Sources */,
				0C5EB4F41CEB110100870E06 /* YWModel4.m in Sources */,
				0CAA806D1CDC3649000126CA /* YWHttptool.m in Sources */,
				0C006B171CEEF69F0014B0F2 /* YWBuyViewController.m in Sources */,
				0C9F28571CD9D99600E76450 /* YWCover.m in Sources */,
				0CD33C1E1CEDB2AD0094C53D /* TAAbstractDotView.m in Sources */,
				0C7D43771CE07450001B3FB2 /* YWWriterViewController.m in Sources */,
				0CD33C281CEDC0160094C53D /* SearchViewController.m in Sources */,
				0CAA80701CDC3CC7000126CA /* YWUserTool.m in Sources */,
				0CA971631CD0625A00E09656 /* YWnaviViewController.m in Sources */,
				0C673BFB1CDB49680088CA78 /* Utils.m in Sources */,
				0C84B2811CE5B4C200A0B4BE /* YWListViewController.m in Sources */,
				0C388A341D05423E00DB6927 /* YWViewController.m in Sources */,
				0C25DC991CEEB4660048B1D6 /* YWSorts.m in Sources */,
				0C5EB4F81CEB15C600870E06 /* YWCell5.m in Sources */,
				0CAA80671CDC35F9000126CA /* YWUser.m in Sources */,
				0C22543E1CD086D5006E4461 /* YWItemView.m in Sources */,
				0C1A54561CCF6B3E00216B7F /* YWpersonalViewController.m in Sources */,
				0C33868D1CE46650005FBA32 /* YWOrderModel.m in Sources */,
				0C006B101CEEE6F80014B0F2 /* YWGoodsViewController.m in Sources */,
				0C9573F31CD0BE2000BC8430 /* FrameAutoScaleLFL.m in Sources */,
				0C9573E71CD0AA2900BC8430 /* UIView+Frame.m in Sources */,
				0CD33C211CEDB2AD0094C53D /* TAPageControl.m in Sources */,
				0CD33C061CED614D0094C53D /* MBProgressHUD+MJ.m in Sources */,
				0C27EC671CE1AABE003BBF23 /* YWAddressFrame.m in Sources */,
				0C27EC5F1CE182E0003BBF23 /* YWAddressModel.m in Sources */,
				0CCFE2DB1CF7EE0200A71D8D /* YWBuyGoods.m in Sources */,
				0CE1C36E1CEB03D000D0BE1A /* YWCell4.m in Sources */,
				0C5EEB1F1CE30BF400F585C3 /* RegisterController.m in Sources */,
				0CD33C0A1CEDA5190094C53D /* YWTjrTableController.m in Sources */,
				0C21C89C1CD32B0400561938 /* UIView+YWViewController.m in Sources */,
				0C9F28621CD9EC3800E76450 /* YWmainView.m in Sources */,
				0C679C891CEC07F1004F8FF7 /* YWCell6.m in Sources */,
				0C679C931CEC08EB004F8FF7 /* YWCell3.m in Sources */,
				0C679C8E1CEC08BC004F8FF7 /* YWCell7.m in Sources */,
				0CD33C1F1CEDB2AD0094C53D /* TAAnimatedDotView.m in Sources */,
				0C84B2931CE5D33200A0B4BE /* YWInViewController.m in Sources */,
				0C33868A1CE464B9005FBA32 /* YWOrderViewController.m in Sources */,
				0C27EC5C1CE182AB003BBF23 /* YWAddressController.m in Sources */,
				0C9F28651CD9F3CE00E76450 /* YWmainItemButton.m in Sources */,
				0C679C9C1CEC6349004F8FF7 /* YWTurnViewController.m in Sources */,
				0C25DC951CEEB0B70048B1D6 /* YWgoodsCell.m in Sources */,
				0C9F28481CD9D6E300E76450 /* YWFunctionModel.m in Sources */,
				0C5EB90A1CD0A59E00E4431A /* YWSearchBar.m in Sources */,
				0C679C981CEC4742004F8FF7 /* YWtransferViewController.m in Sources */,
				0C21C88D1CD2F88B00561938 /* UIImage+YWimage.m in Sources */,
				0C130B441CE1E3B800ABCEF8 /* YWAddressEditController.m in Sources */,
				0C388A2F1D0541F700DB6927 /* TabHomeRightTableCell.m in Sources */,
				0C27EC631CE1831A003BBF23 /* YWAderssCell.m in Sources */,
				0C21C8991CD3074000561938 /* YWLeftViewController.m in Sources */,
				0C9F28561CD9D99600E76450 /* YlListButton.m in Sources */,
				0C3386901CE469D4005FBA32 /* YWGoods.m in Sources */,
				0C1A54491CCF66DF00216B7F /* YWshoppingController.m in Sources */,
				0CD33C231CEDB2AD0094C53D /* SDCycleScrollView.m in Sources */,
				0C673BF31CDB344F0088CA78 /* YWInformationController.m in Sources */,
				0C388A301D0541F700DB6927 /* YWClassViewController.m in Sources */,
				0CD33BFC1CED60F20094C53D /* CYConst.m in Sources */,
				0C7EF0111CCF566000BFC1A6 /* main.m in Sources */,
				0CD33C241CEDB2AD0094C53D /* UIView+SDExtension.m in Sources */,
				0C673BEF1CDB2C290088CA78 /* YWSettingTableController.m in Sources */,
				0C1A54431CCF62C700216B7F /* YWmainViewController.m in Sources */,
				0CD33BFF1CED60F20094C53D /* CYPasswordView.m in Sources */,
				0C673BF71CDB46A50088CA78 /* YWLoginViewController.m in Sources */,
				0C9F28581CD9D99600E76450 /* YWPopView.m in Sources */,
				0CD33C221CEDB2AD0094C53D /* SDCollectionViewCell.m in Sources */,
				0CD33C201CEDB2AD0094C53D /* TADotView.m in Sources */,
				0CD33C021CED60F20094C53D /* CityPickView.m in Sources */,
				0C5EB4FC1CEB15F200870E06 /* YWModel5.m in Sources */,
				0CD33BFD1CED60F20094C53D /* CYPasswordInputView.m in Sources */,
				0CD33C001CED60F20094C53D /* UIView+Extension.m in Sources */,
				0C3386931CE475AB005FBA32 /* YWOrderCell.m in Sources */,
				0CA9715F1CD0622000E09656 /* AppDelegate.m in Sources */,
			);
			runOnlyForDeploymentPostprocessing = 0;
		};
		0C7EF0211CCF566000BFC1A6 /* Sources */ = {
			isa = PBXSourcesBuildPhase;
			buildActionMask = 2147483647;
			files = (
				0C7EF02A1CCF566000BFC1A6 /* YiWobaoTests.m in Sources */,
			);
			runOnlyForDeploymentPostprocessing = 0;
		};
		0C7EF02C1CCF566000BFC1A6 /* Sources */ = {
			isa = PBXSourcesBuildPhase;
			buildActionMask = 2147483647;
			files = (
				0C7EF0351CCF566000BFC1A6 /* YiWobaoUITests.m in Sources */,
			);
			runOnlyForDeploymentPostprocessing = 0;
		};
/* End PBXSourcesBuildPhase section */

/* Begin PBXTargetDependency section */
		0C7EF0271CCF566000BFC1A6 /* PBXTargetDependency */ = {
			isa = PBXTargetDependency;
			target = 0C7EF00B1CCF565F00BFC1A6 /* YiWobao */;
			targetProxy = 0C7EF0261CCF566000BFC1A6 /* PBXContainerItemProxy */;
		};
		0C7EF0321CCF566000BFC1A6 /* PBXTargetDependency */ = {
			isa = PBXTargetDependency;
			target = 0C7EF00B1CCF565F00BFC1A6 /* YiWobao */;
			targetProxy = 0C7EF0311CCF566000BFC1A6 /* PBXContainerItemProxy */;
		};
/* End PBXTargetDependency section */

/* Begin XCBuildConfiguration section */
		0C7EF0371CCF566000BFC1A6 /* Debug */ = {
			isa = XCBuildConfiguration;
			buildSettings = {
				ALWAYS_SEARCH_USER_PATHS = NO;
				CLANG_ANALYZER_NONNULL = YES;
				CLANG_CXX_LANGUAGE_STANDARD = "gnu++0x";
				CLANG_CXX_LIBRARY = "libc++";
				CLANG_ENABLE_MODULES = YES;
				CLANG_ENABLE_OBJC_ARC = YES;
				CLANG_WARN_BOOL_CONVERSION = YES;
				CLANG_WARN_CONSTANT_CONVERSION = YES;
				CLANG_WARN_DIRECT_OBJC_ISA_USAGE = YES_ERROR;
				CLANG_WARN_EMPTY_BODY = YES;
				CLANG_WARN_ENUM_CONVERSION = YES;
				CLANG_WARN_INT_CONVERSION = YES;
				CLANG_WARN_OBJC_ROOT_CLASS = YES_ERROR;
				CLANG_WARN_UNREACHABLE_CODE = YES;
				CLANG_WARN__DUPLICATE_METHOD_MATCH = YES;
				"CODE_SIGN_IDENTITY[sdk=iphoneos*]" = "iPhone Developer";
				COPY_PHASE_STRIP = NO;
				DEBUG_INFORMATION_FORMAT = dwarf;
				ENABLE_STRICT_OBJC_MSGSEND = YES;
				ENABLE_TESTABILITY = YES;
				GCC_C_LANGUAGE_STANDARD = gnu99;
				GCC_DYNAMIC_NO_PIC = NO;
				GCC_NO_COMMON_BLOCKS = YES;
				GCC_OPTIMIZATION_LEVEL = 0;
				GCC_PREPROCESSOR_DEFINITIONS = (
					"DEBUG=1",
					"$(inherited)",
				);
				GCC_WARN_64_TO_32_BIT_CONVERSION = YES;
				GCC_WARN_ABOUT_RETURN_TYPE = YES_ERROR;
				GCC_WARN_UNDECLARED_SELECTOR = YES;
				GCC_WARN_UNINITIALIZED_AUTOS = YES_AGGRESSIVE;
				GCC_WARN_UNUSED_FUNCTION = YES;
				GCC_WARN_UNUSED_VARIABLE = YES;
				IPHONEOS_DEPLOYMENT_TARGET = 9.3;
				MTL_ENABLE_DEBUG_INFO = YES;
				ONLY_ACTIVE_ARCH = YES;
				SDKROOT = iphoneos;
			};
			name = Debug;
		};
		0C7EF0381CCF566000BFC1A6 /* Release */ = {
			isa = XCBuildConfiguration;
			buildSettings = {
				ALWAYS_SEARCH_USER_PATHS = NO;
				CLANG_ANALYZER_NONNULL = YES;
				CLANG_CXX_LANGUAGE_STANDARD = "gnu++0x";
				CLANG_CXX_LIBRARY = "libc++";
				CLANG_ENABLE_MODULES = YES;
				CLANG_ENABLE_OBJC_ARC = YES;
				CLANG_WARN_BOOL_CONVERSION = YES;
				CLANG_WARN_CONSTANT_CONVERSION = YES;
				CLANG_WARN_DIRECT_OBJC_ISA_USAGE = YES_ERROR;
				CLANG_WARN_EMPTY_BODY = YES;
				CLANG_WARN_ENUM_CONVERSION = YES;
				CLANG_WARN_INT_CONVERSION = YES;
				CLANG_WARN_OBJC_ROOT_CLASS = YES_ERROR;
				CLANG_WARN_UNREACHABLE_CODE = YES;
				CLANG_WARN__DUPLICATE_METHOD_MATCH = YES;
				"CODE_SIGN_IDENTITY[sdk=iphoneos*]" = "iPhone Developer";
				COPY_PHASE_STRIP = NO;
				DEBUG_INFORMATION_FORMAT = "dwarf-with-dsym";
				ENABLE_NS_ASSERTIONS = NO;
				ENABLE_STRICT_OBJC_MSGSEND = YES;
				GCC_C_LANGUAGE_STANDARD = gnu99;
				GCC_NO_COMMON_BLOCKS = YES;
				GCC_WARN_64_TO_32_BIT_CONVERSION = YES;
				GCC_WARN_ABOUT_RETURN_TYPE = YES_ERROR;
				GCC_WARN_UNDECLARED_SELECTOR = YES;
				GCC_WARN_UNINITIALIZED_AUTOS = YES_AGGRESSIVE;
				GCC_WARN_UNUSED_FUNCTION = YES;
				GCC_WARN_UNUSED_VARIABLE = YES;
				IPHONEOS_DEPLOYMENT_TARGET = 9.3;
				MTL_ENABLE_DEBUG_INFO = NO;
				SDKROOT = iphoneos;
				VALIDATE_PRODUCT = YES;
			};
			name = Release;
		};
		0C7EF03A1CCF566000BFC1A6 /* Debug */ = {
			isa = XCBuildConfiguration;
			baseConfigurationReference = EF2C9E36DEDA68893EE18D5B /* Pods.debug.xcconfig */;
			buildSettings = {
				ASSETCATALOG_COMPILER_APPICON_NAME = AppIcon;
				ASSETCATALOG_COMPILER_LAUNCHIMAGE_NAME = LaunchImage;
				CLANG_ENABLE_OBJC_WEAK = YES;
				CODE_SIGN_IDENTITY = "iPhone Developer";
				ENABLE_BITCODE = NO;
				GCC_PREFIX_HEADER = YiWobao/YiWobao.pch;
				INFOPLIST_FILE = YiWobao/Info.plist;
				IPHONEOS_DEPLOYMENT_TARGET = 9.0;
				LD_RUNPATH_SEARCH_PATHS = "$(inherited) @executable_path/Frameworks";
				PRODUCT_BUNDLE_IDENTIFIER = com.yiwo.YiWobao;
				PRODUCT_NAME = "$(TARGET_NAME)";
			};
			name = Debug;
		};
		0C7EF03B1CCF566000BFC1A6 /* Release */ = {
			isa = XCBuildConfiguration;
			baseConfigurationReference = 5933B00DB78DF7FAAA8CB697 /* Pods.release.xcconfig */;
			buildSettings = {
				ASSETCATALOG_COMPILER_APPICON_NAME = AppIcon;
				ASSETCATALOG_COMPILER_LAUNCHIMAGE_NAME = LaunchImage;
				CLANG_ENABLE_OBJC_WEAK = YES;
				CODE_SIGN_IDENTITY = "iPhone Developer";
				ENABLE_BITCODE = NO;
				GCC_PREFIX_HEADER = YiWobao/YiWobao.pch;
				INFOPLIST_FILE = YiWobao/Info.plist;
				IPHONEOS_DEPLOYMENT_TARGET = 9.0;
				LD_RUNPATH_SEARCH_PATHS = "$(inherited) @executable_path/Frameworks";
				PRODUCT_BUNDLE_IDENTIFIER = com.yiwo.YiWobao;
				PRODUCT_NAME = "$(TARGET_NAME)";
			};
			name = Release;
		};
		0C7EF03D1CCF566000BFC1A6 /* Debug */ = {
			isa = XCBuildConfiguration;
			buildSettings = {
				BUNDLE_LOADER = "$(TEST_HOST)";
				INFOPLIST_FILE = YiWobaoTests/Info.plist;
				IPHONEOS_DEPLOYMENT_TARGET = 9.2;
				LD_RUNPATH_SEARCH_PATHS = "$(inherited) @executable_path/Frameworks @loader_path/Frameworks";
				PRODUCT_BUNDLE_IDENTIFIER = com.yiwo.YiWobaoTests;
				PRODUCT_NAME = "$(TARGET_NAME)";
				TEST_HOST = "$(BUILT_PRODUCTS_DIR)/YiWobao.app/YiWobao";
			};
			name = Debug;
		};
		0C7EF03E1CCF566000BFC1A6 /* Release */ = {
			isa = XCBuildConfiguration;
			buildSettings = {
				BUNDLE_LOADER = "$(TEST_HOST)";
				INFOPLIST_FILE = YiWobaoTests/Info.plist;
				IPHONEOS_DEPLOYMENT_TARGET = 9.2;
				LD_RUNPATH_SEARCH_PATHS = "$(inherited) @executable_path/Frameworks @loader_path/Frameworks";
				PRODUCT_BUNDLE_IDENTIFIER = com.yiwo.YiWobaoTests;
				PRODUCT_NAME = "$(TARGET_NAME)";
				TEST_HOST = "$(BUILT_PRODUCTS_DIR)/YiWobao.app/YiWobao";
			};
			name = Release;
		};
		0C7EF0401CCF566000BFC1A6 /* Debug */ = {
			isa = XCBuildConfiguration;
			buildSettings = {
				INFOPLIST_FILE = YiWobaoUITests/Info.plist;
				IPHONEOS_DEPLOYMENT_TARGET = 9.2;
				LD_RUNPATH_SEARCH_PATHS = "$(inherited) @executable_path/Frameworks @loader_path/Frameworks";
				PRODUCT_BUNDLE_IDENTIFIER = com.yiwo.YiWobaoUITests;
				PRODUCT_NAME = "$(TARGET_NAME)";
				TEST_TARGET_NAME = YiWobao;
			};
			name = Debug;
		};
		0C7EF0411CCF566000BFC1A6 /* Release */ = {
			isa = XCBuildConfiguration;
			buildSettings = {
				INFOPLIST_FILE = YiWobaoUITests/Info.plist;
				IPHONEOS_DEPLOYMENT_TARGET = 9.2;
				LD_RUNPATH_SEARCH_PATHS = "$(inherited) @executable_path/Frameworks @loader_path/Frameworks";
				PRODUCT_BUNDLE_IDENTIFIER = com.yiwo.YiWobaoUITests;
				PRODUCT_NAME = "$(TARGET_NAME)";
				TEST_TARGET_NAME = YiWobao;
			};
			name = Release;
		};
/* End XCBuildConfiguration section */

/* Begin XCConfigurationList section */
		0C7EF0071CCF565F00BFC1A6 /* Build configuration list for PBXProject "YiWobao" */ = {
			isa = XCConfigurationList;
			buildConfigurations = (
				0C7EF0371CCF566000BFC1A6 /* Debug */,
				0C7EF0381CCF566000BFC1A6 /* Release */,
			);
			defaultConfigurationIsVisible = 0;
			defaultConfigurationName = Release;
		};
		0C7EF0391CCF566000BFC1A6 /* Build configuration list for PBXNativeTarget "YiWobao" */ = {
			isa = XCConfigurationList;
			buildConfigurations = (
				0C7EF03A1CCF566000BFC1A6 /* Debug */,
				0C7EF03B1CCF566000BFC1A6 /* Release */,
			);
			defaultConfigurationIsVisible = 0;
			defaultConfigurationName = Release;
		};
		0C7EF03C1CCF566000BFC1A6 /* Build configuration list for PBXNativeTarget "YiWobaoTests" */ = {
			isa = XCConfigurationList;
			buildConfigurations = (
				0C7EF03D1CCF566000BFC1A6 /* Debug */,
				0C7EF03E1CCF566000BFC1A6 /* Release */,
			);
			defaultConfigurationIsVisible = 0;
			defaultConfigurationName = Release;
		};
		0C7EF03F1CCF566000BFC1A6 /* Build configuration list for PBXNativeTarget "YiWobaoUITests" */ = {
			isa = XCConfigurationList;
			buildConfigurations = (
				0C7EF0401CCF566000BFC1A6 /* Debug */,
				0C7EF0411CCF566000BFC1A6 /* Release */,
			);
			defaultConfigurationIsVisible = 0;
			defaultConfigurationName = Release;
		};
/* End XCConfigurationList section */
	};
	rootObject = 0C7EF0041CCF565F00BFC1A6 /* Project object */;
}
